// !$*UTF8*$!
{
	archiveVersion = 1;
	classes = {
	};
	objectVersion = 77;
	objects = {

/* Begin PBXBuildFile section */
		080C05AE475D134C85184ADD /* DashboardSidebar.swift in Sources */ = {isa = PBXBuildFile; fileRef = 37B37BB11E1BD7F39B65686E /* DashboardSidebar.swift */; };
		0D57C6630526C57BD3344830 /* DocumentSkeletonView.swift in Sources */ = {isa = PBXBuildFile; fileRef = C4413DEE7A1FFB5DD1383145 /* DocumentSkeletonView.swift */; };
		0F855BD915F52566D4F589B5 /* DocumentService.swift in Sources */ = {isa = PBXBuildFile; fileRef = 174AF4CC7C1EA4B8D4C88E52 /* DocumentService.swift */; };
		15A7F7327D87C4A7010DD0EE /* MyReefComingSoonView.swift in Sources */ = {isa = PBXBuildFile; fileRef = 95B0F2EF5A865F74D7E7DD1D /* MyReefComingSoonView.swift */; };
		18470D214CF1DF392B1E43CD /* AnalyticsView.swift in Sources */ = {isa = PBXBuildFile; fileRef = B2D02F378056B2BB49C4E152 /* AnalyticsView.swift */; };
		1859DAF23B73A60D14A89C75 /* Stroke.swift in Sources */ = {isa = PBXBuildFile; fileRef = 8D7B0E365C03F320A771808A /* Stroke.swift */; };
		1B7DC7404AC46691E8FE909C /* TierLimits.swift in Sources */ = {isa = PBXBuildFile; fileRef = BDA5038E8A3E9B2E3773B103 /* TierLimits.swift */; };
		1C1C0847C2B712AF90229BE2 /* Tutor.swift in Sources */ = {isa = PBXBuildFile; fileRef = CB3CB769E3ED3BE1C744F53D /* Tutor.swift */; };
		1D0F8C36565814C7658038AA /* DetailsSheet.swift in Sources */ = {isa = PBXBuildFile; fileRef = A87A842EDF6A095888CFDDD9 /* DetailsSheet.swift */; };
		20617A406EC1A2D7D549E1B8 /* DashboardTab.swift in Sources */ = {isa = PBXBuildFile; fileRef = 9D55C4708073EE84D310231F /* DashboardTab.swift */; };
		2392BBC7AE73020CFF834AF0 /* ReefApp.swift in Sources */ = {isa = PBXBuildFile; fileRef = AC4262B97357102BF9818098 /* ReefApp.swift */; };
		2669D335E6347312BE71B4A3 /* TutorDetailSheet.swift in Sources */ = {isa = PBXBuildFile; fileRef = 17EC25D93DC07C6A4EE3C6BB /* TutorDetailSheet.swift */; };
		281DF2F73F5FD8AFB1DE7781 /* LayoutMetrics.swift in Sources */ = {isa = PBXBuildFile; fileRef = 4EEB1F4ACFC66F718ED11A8E /* LayoutMetrics.swift */; };
		29ABBCFE358D2F989FAADF8D /* DocumentThumbnailView.swift in Sources */ = {isa = PBXBuildFile; fileRef = A63F7484F21DD97CE355847A /* DocumentThumbnailView.swift */; };
		29FE99041BD85DA967788BB5 /* Course.swift in Sources */ = {isa = PBXBuildFile; fileRef = 018AA0C6595861D1E872AB8D /* Course.swift */; };
		33FEDA7F8481CB0C7C82E18D /* SelectCourseSheet.swift in Sources */ = {isa = PBXBuildFile; fileRef = CBD7E54973DA4B2B73BE5D17 /* SelectCourseSheet.swift */; };
		39F5B0F07CB08E94B94A2D34 /* RenameSheet.swift in Sources */ = {isa = PBXBuildFile; fileRef = 490FEAC3017FC71010B4D5AE /* RenameSheet.swift */; };
		3DE926B269B45A3556BD54E3 /* EditCourseSheet.swift in Sources */ = {isa = PBXBuildFile; fileRef = C62716989A979C764BB97646 /* EditCourseSheet.swift */; };
		4A17069553C0BDE0AF71D36B /* LoggedInView.swift in Sources */ = {isa = PBXBuildFile; fileRef = E2EAD31CE2B2C164DC94837A /* LoggedInView.swift */; };
		4B77DE746EC133DCDE98D407 /* ReefCard.swift in Sources */ = {isa = PBXBuildFile; fileRef = 1CC10B33BD05613452B10A19 /* ReefCard.swift */; };
		5324B3303CAB2D0612C06D62 /* CourseService.swift in Sources */ = {isa = PBXBuildFile; fileRef = E18130ED25D586583B5AA4AD /* CourseService.swift */; };
		53A8FAA539972BE884E9A543 /* Epilogue-Medium.ttf in Resources */ = {isa = PBXBuildFile; fileRef = 8E65BD7C9A0E5ED2143C27E1 /* Epilogue-Medium.ttf */; };
		54FC3EDC51D987C68956D963 /* DashboardHeader.swift in Sources */ = {isa = PBXBuildFile; fileRef = CB68DDA7D4AC1F96F7D205F3 /* DashboardHeader.swift */; };
		56C0A2469AF443A5054C00B8 /* DeleteCourseSheet.swift in Sources */ = {isa = PBXBuildFile; fileRef = B173B8CEC50D522DFF321B58 /* DeleteCourseSheet.swift */; };
		5764F13B61C5FBD9B17D28DD /* Supabase in Frameworks */ = {isa = PBXBuildFile; productRef = ECE996E3DB8403B5ED787530 /* Supabase */; };
		5D2AD13513DF7173DB05E905 /* StepName.swift in Sources */ = {isa = PBXBuildFile; fileRef = 963DF30D2DD7054522E3DE8E /* StepName.swift */; };
		611EB261C6B4D00B6ADA902E /* Epilogue-Black.ttf in Resources */ = {isa = PBXBuildFile; fileRef = 41332C9FDF05A89BF7374377 /* Epilogue-Black.ttf */; };
		63434276DDB9C95FF4540B61 /* TutorStepToolbar.swift in Sources */ = {isa = PBXBuildFile; fileRef = D0EE44C6EECF0A8DC228112C /* TutorStepToolbar.swift */; };
		6894FA3B9E450368F6ACFFEC /* Document.swift in Sources */ = {isa = PBXBuildFile; fileRef = 265263583EBF3C1E1930E940 /* Document.swift */; };
		689EDB34F09D6D2BB8CED1D2 /* Supabase.swift in Sources */ = {isa = PBXBuildFile; fileRef = A601472A53F2EEA6CDC28FBB /* Supabase.swift */; };
		6F39CDB31D9F61B104344DB6 /* DocumentEmptyStateView.swift in Sources */ = {isa = PBXBuildFile; fileRef = B799BEAE73E04DF7F372AC53 /* DocumentEmptyStateView.swift */; };
		72A55DBAD20C9BB77D65A80C /* DeleteConfirmSheet.swift in Sources */ = {isa = PBXBuildFile; fileRef = B5D1E5B7436B84153535000D /* DeleteConfirmSheet.swift */; };
		72D09602B96DA1E7231038C2 /* ReefAPI.swift in Sources */ = {isa = PBXBuildFile; fileRef = 8AF78B49877EF66B1BF1F451 /* ReefAPI.swift */; };
		763BE48D3230106445268070 /* TutorsContentView.swift in Sources */ = {isa = PBXBuildFile; fileRef = 8F905AA243B35B0F2634361D /* TutorsContentView.swift */; };
		7CEDC9E329E1A97890E754CF /* SettingsView.swift in Sources */ = {isa = PBXBuildFile; fileRef = 47EE0F7965A070BD244FA35D /* SettingsView.swift */; };
		7EBF041F6AD776F21B069537 /* StepGrade.swift in Sources */ = {isa = PBXBuildFile; fileRef = 76F79C443F16555121292BFA /* StepGrade.swift */; };
		7F1FCE775A5319A5A9B341A7 /* CourseDetailView.swift in Sources */ = {isa = PBXBuildFile; fileRef = 60B4E463F8DF98D911D2B0E1 /* CourseDetailView.swift */; };
		8081686831DE310C575DC5EA /* ReefTextField.swift in Sources */ = {isa = PBXBuildFile; fileRef = E4C016527AF48EC79C9CCF54 /* ReefTextField.swift */; };
		80FEC5FE83B6D86AA15207B6 /* DrawingStorageService.swift in Sources */ = {isa = PBXBuildFile; fileRef = 9EAA1162AF20BABF039AA139 /* DrawingStorageService.swift */; };
		83C615293A2D56941E6E8F45 /* LibraryComingSoonView.swift in Sources */ = {isa = PBXBuildFile; fileRef = A5567628FD84DD3F2A3EE9C0 /* LibraryComingSoonView.swift */; };
		84C859546EF6E6C562DEADB5 /* DashboardCard.swift in Sources */ = {isa = PBXBuildFile; fileRef = A25A2B8DBF193DFD88F7735D /* DashboardCard.swift */; };
		86C48AE599F618C06636F0BD /* GoogleSignIn in Frameworks */ = {isa = PBXBuildFile; productRef = 8A0AD6F5B9C938C549CBDA7E /* GoogleSignIn */; };
		86EC51544647FC884C1827BD /* Profile.swift in Sources */ = {isa = PBXBuildFile; fileRef = 03EFB80C39A971E1BDC73605 /* Profile.swift */; };
		8AEFE80127997D5D0834F33D /* TutorCardView.swift in Sources */ = {isa = PBXBuildFile; fileRef = C6AC3AD434623B044419F756 /* TutorCardView.swift */; };
		8D9C20ED95E13C63AF47D183 /* DocumentCanvasView.swift in Sources */ = {isa = PBXBuildFile; fileRef = 88CBAB5E82734D68035A3F5B /* DocumentCanvasView.swift */; };
		9223495A7D2DEDCA6FE9A351 /* ReefButton.swift in Sources */ = {isa = PBXBuildFile; fileRef = 12B67D53D01AE43D3B31BDEE /* ReefButton.swift */; };
		92722784C33A0E7DAA072BDA /* Typography.swift in Sources */ = {isa = PBXBuildFile; fileRef = E2A242632736FB9BEE170074 /* Typography.swift */; };
		9787D96FD49B9BF7FF5AC6AE /* TutorSpotlightView.swift in Sources */ = {isa = PBXBuildFile; fileRef = 3BE24D45EA867265C71FFD78 /* TutorSpotlightView.swift */; };
		98E9547119361714B8EE388A /* ReefDivider.swift in Sources */ = {isa = PBXBuildFile; fileRef = 0F2272F12753F94D68D47474 /* ReefDivider.swift */; };
		9ADE99D97C893E843E7D677D /* PageNavigationBar.swift in Sources */ = {isa = PBXBuildFile; fileRef = 88ED32B183BA25990245CDA4 /* PageNavigationBar.swift */; };
		A25948F8B9DE842DED9CE349 /* TutorStepData.swift in Sources */ = {isa = PBXBuildFile; fileRef = D8E70E19FB02A673E57447BD /* TutorStepData.swift */; };
		A371C46423DF8A87C7CB0F3B /* Colors.swift in Sources */ = {isa = PBXBuildFile; fileRef = 585B9AFB26D4C25AB8FFF803 /* Colors.swift */; };
		AD35B3EEA62C8A9D31D3B6FD /* DocumentUploadSheet.swift in Sources */ = {isa = PBXBuildFile; fileRef = EAF67386E8D3217F6F93CE39 /* DocumentUploadSheet.swift */; };
		AE1BE3E7815DBBE172F92BE7 /* OnboardingComponents.swift in Sources */ = {isa = PBXBuildFile; fileRef = E2AE29018C76FB59A77FAF4E /* OnboardingComponents.swift */; };
		AFA7110C64EDCAED5FEDA07D /* DocumentCardView.swift in Sources */ = {isa = PBXBuildFile; fileRef = 89D457DD4A19BE44FB1B756A /* DocumentCardView.swift */; };
		B1342C3D4467A24E496A2705 /* AuthenticationServices.framework in Frameworks */ = {isa = PBXBuildFile; fileRef = 2FBE66A9E92A7CCD7A95310A /* AuthenticationServices.framework */; };
		B139C22ACB1BB96D3F97B84C /* StepReferral.swift in Sources */ = {isa = PBXBuildFile; fileRef = 9D407F41F28AA8AA274C819A /* StepReferral.swift */; };
		B2489E124F224ADCD32F169F /* OnboardingView.swift in Sources */ = {isa = PBXBuildFile; fileRef = 80D5714E68166CC2E06EB305 /* OnboardingView.swift */; };
		BE34AD54F16F85B938302FE7 /* Assets.xcassets in Resources */ = {isa = PBXBuildFile; fileRef = 3F68AC1C3432E326DB646676 /* Assets.xcassets */; };
		BFEC612BA600837B55341B71 /* ContentView.swift in Sources */ = {isa = PBXBuildFile; fileRef = 7601EE91C6C7F4218ED01B97 /* ContentView.swift */; };
		D07E9FEAC5D7A2AD66303B45 /* AppleSignInCoordinator.swift in Sources */ = {isa = PBXBuildFile; fileRef = 206F870E71C6B2391213AE78 /* AppleSignInCoordinator.swift */; };
		D127D837D809C7679D5F1098 /* AuthView.swift in Sources */ = {isa = PBXBuildFile; fileRef = 9E68361F46DF0D0B0951ECE8 /* AuthView.swift */; };
		D29EC142A3431E5CA3D29869 /* Epilogue-SemiBold.ttf in Resources */ = {isa = PBXBuildFile; fileRef = 60BB4D786D5BD94C884A3D33 /* Epilogue-SemiBold.ttf */; };
		D5C0B7BA06CC6917331DE308 /* TutorQuizSheet.swift in Sources */ = {isa = PBXBuildFile; fileRef = E3F9DA4A989C748B41386B54 /* TutorQuizSheet.swift */; };
		D76683C3BC8B3E2C1170517A /* Epilogue-Bold.ttf in Resources */ = {isa = PBXBuildFile; fileRef = 8A80C54AF55E8CD3E92177F8 /* Epilogue-Bold.ttf */; };
		D90D66552E64DEAC25C27A6B /* CanvasViewModel.swift in Sources */ = {isa = PBXBuildFile; fileRef = 0F1DB9597A94021843C8228F /* CanvasViewModel.swift */; };
		D4A1B2C3E5F60718293A4B5D /* DrawingManager.swift in Sources */ = {isa = PBXBuildFile; fileRef = B5C2D3E4F6071829304B5C6D /* DrawingManager.swift */; };
		E6F3A4B5C7D8091A2B3C4D5E /* ToolSettingsPopover.swift in Sources */ = {isa = PBXBuildFile; fileRef = A7B8C9D0E1F2031425364758 /* ToolSettingsPopover.swift */; };
		DA76E99FB2AF561DDF93E324 /* CanvasDrawingToolbar.swift in Sources */ = {isa = PBXBuildFile; fileRef = 8FD4D552F83298FB7A1D5F74 /* CanvasDrawingToolbar.swift */; };
		DD9936044F3D100E151E5FF6 /* MoveToCourseSheet.swift in Sources */ = {isa = PBXBuildFile; fileRef = F0EB21ECE7AEA4945CFA6DFA /* MoveToCourseSheet.swift */; };
		DF4791ADB383CB19C8C4EDB5 /* StepSubjects.swift in Sources */ = {isa = PBXBuildFile; fileRef = C4934C859F8B38BE69CFCD55 /* StepSubjects.swift */; };
		E138484BC8F681E63E77244C /* GoogleIcon.swift in Sources */ = {isa = PBXBuildFile; fileRef = 0DF8BD8B535EA42A563DFBC5 /* GoogleIcon.swift */; };
		E1FE5B8F8C72B65D35C1A690 /* DashboardView.swift in Sources */ = {isa = PBXBuildFile; fileRef = 621895831183A84BD5E2F54B /* DashboardView.swift */; };
		EEE6888BA6B0E77018D4F67F /* CanvasPageView.swift in Sources */ = {isa = PBXBuildFile; fileRef = 6DBAC810D46731DEC9B1AC08 /* CanvasPageView.swift */; };
		F1A2B3C4D5E6F7081920ABCD /* RulerOverlayView.swift in Sources */ = {isa = PBXBuildFile; fileRef = A1B2C3D4E5F60718293A4B5C /* RulerOverlayView.swift */; };
		F09115CEAAE583F111ABF4F7 /* TutorService.swift in Sources */ = {isa = PBXBuildFile; fileRef = BE55B35776EF18319E886CB3 /* TutorService.swift */; };
		F9425CBAF52188A136ADFCEF /* DocumentsContentView.swift in Sources */ = {isa = PBXBuildFile; fileRef = F89828EF647D60F501B07B68 /* DocumentsContentView.swift */; };
		FD40162D4542094829B3C5A3 /* CanvasToolbar.swift in Sources */ = {isa = PBXBuildFile; fileRef = 2A58933EF653E5137FE20BA0 /* CanvasToolbar.swift */; };
		FD60877CF5857B3959806C09 /* AuthManager.swift in Sources */ = {isa = PBXBuildFile; fileRef = E41A4CDF554B8BCBFB8FAFFD /* AuthManager.swift */; };
/* End PBXBuildFile section */

/* Begin PBXFileReference section */
		018AA0C6595861D1E872AB8D /* Course.swift */ = {isa = PBXFileReference; lastKnownFileType = sourcecode.swift; path = Course.swift; sourceTree = "<group>"; };
		03EFB80C39A971E1BDC73605 /* Profile.swift */ = {isa = PBXFileReference; lastKnownFileType = sourcecode.swift; path = Profile.swift; sourceTree = "<group>"; };
		0DF8BD8B535EA42A563DFBC5 /* GoogleIcon.swift */ = {isa = PBXFileReference; lastKnownFileType = sourcecode.swift; path = GoogleIcon.swift; sourceTree = "<group>"; };
		0F1DB9597A94021843C8228F /* CanvasViewModel.swift */ = {isa = PBXFileReference; lastKnownFileType = sourcecode.swift; path = CanvasViewModel.swift; sourceTree = "<group>"; };
		A1B2C3D4E5F60718293A4B5C /* RulerOverlayView.swift */ = {isa = PBXFileReference; lastKnownFileType = sourcecode.swift; path = RulerOverlayView.swift; sourceTree = "<group>"; };
		0F2272F12753F94D68D47474 /* ReefDivider.swift */ = {isa = PBXFileReference; lastKnownFileType = sourcecode.swift; path = ReefDivider.swift; sourceTree = "<group>"; };
		12B67D53D01AE43D3B31BDEE /* ReefButton.swift */ = {isa = PBXFileReference; lastKnownFileType = sourcecode.swift; path = ReefButton.swift; sourceTree = "<group>"; };
		174AF4CC7C1EA4B8D4C88E52 /* DocumentService.swift */ = {isa = PBXFileReference; lastKnownFileType = sourcecode.swift; path = DocumentService.swift; sourceTree = "<group>"; };
		17EC25D93DC07C6A4EE3C6BB /* TutorDetailSheet.swift */ = {isa = PBXFileReference; lastKnownFileType = sourcecode.swift; path = TutorDetailSheet.swift; sourceTree = "<group>"; };
		1CC10B33BD05613452B10A19 /* ReefCard.swift */ = {isa = PBXFileReference; lastKnownFileType = sourcecode.swift; path = ReefCard.swift; sourceTree = "<group>"; };
		206F870E71C6B2391213AE78 /* AppleSignInCoordinator.swift */ = {isa = PBXFileReference; lastKnownFileType = sourcecode.swift; path = AppleSignInCoordinator.swift; sourceTree = "<group>"; };
		265263583EBF3C1E1930E940 /* Document.swift */ = {isa = PBXFileReference; lastKnownFileType = sourcecode.swift; path = Document.swift; sourceTree = "<group>"; };
		2A58933EF653E5137FE20BA0 /* CanvasToolbar.swift */ = {isa = PBXFileReference; lastKnownFileType = sourcecode.swift; path = CanvasToolbar.swift; sourceTree = "<group>"; };
		2FBE66A9E92A7CCD7A95310A /* AuthenticationServices.framework */ = {isa = PBXFileReference; lastKnownFileType = wrapper.framework; name = AuthenticationServices.framework; path = System/Library/Frameworks/AuthenticationServices.framework; sourceTree = SDKROOT; };
		2FEBC9D0D9B06F74E3F564A1 /* Reef.app */ = {isa = PBXFileReference; includeInIndex = 0; lastKnownFileType = wrapper.application; path = Reef.app; sourceTree = BUILT_PRODUCTS_DIR; };
		37B37BB11E1BD7F39B65686E /* DashboardSidebar.swift */ = {isa = PBXFileReference; lastKnownFileType = sourcecode.swift; path = DashboardSidebar.swift; sourceTree = "<group>"; };
		3BE24D45EA867265C71FFD78 /* TutorSpotlightView.swift */ = {isa = PBXFileReference; lastKnownFileType = sourcecode.swift; path = TutorSpotlightView.swift; sourceTree = "<group>"; };
		3F68AC1C3432E326DB646676 /* Assets.xcassets */ = {isa = PBXFileReference; lastKnownFileType = folder.assetcatalog; path = Assets.xcassets; sourceTree = "<group>"; };
		41332C9FDF05A89BF7374377 /* Epilogue-Black.ttf */ = {isa = PBXFileReference; lastKnownFileType = file; path = "Epilogue-Black.ttf"; sourceTree = "<group>"; };
		47EE0F7965A070BD244FA35D /* SettingsView.swift */ = {isa = PBXFileReference; lastKnownFileType = sourcecode.swift; path = SettingsView.swift; sourceTree = "<group>"; };
		490FEAC3017FC71010B4D5AE /* RenameSheet.swift */ = {isa = PBXFileReference; lastKnownFileType = sourcecode.swift; path = RenameSheet.swift; sourceTree = "<group>"; };
		4EEB1F4ACFC66F718ED11A8E /* LayoutMetrics.swift */ = {isa = PBXFileReference; lastKnownFileType = sourcecode.swift; path = LayoutMetrics.swift; sourceTree = "<group>"; };
		585B9AFB26D4C25AB8FFF803 /* Colors.swift */ = {isa = PBXFileReference; lastKnownFileType = sourcecode.swift; path = Colors.swift; sourceTree = "<group>"; };
		60B4E463F8DF98D911D2B0E1 /* CourseDetailView.swift */ = {isa = PBXFileReference; lastKnownFileType = sourcecode.swift; path = CourseDetailView.swift; sourceTree = "<group>"; };
		60BB4D786D5BD94C884A3D33 /* Epilogue-SemiBold.ttf */ = {isa = PBXFileReference; lastKnownFileType = file; path = "Epilogue-SemiBold.ttf"; sourceTree = "<group>"; };
		621895831183A84BD5E2F54B /* DashboardView.swift */ = {isa = PBXFileReference; lastKnownFileType = sourcecode.swift; path = DashboardView.swift; sourceTree = "<group>"; };
		6DBAC810D46731DEC9B1AC08 /* CanvasPageView.swift */ = {isa = PBXFileReference; lastKnownFileType = sourcecode.swift; path = CanvasPageView.swift; sourceTree = "<group>"; };
		B5C2D3E4F6071829304B5C6D /* DrawingManager.swift */ = {isa = PBXFileReference; lastKnownFileType = sourcecode.swift; path = DrawingManager.swift; sourceTree = "<group>"; };
		A7B8C9D0E1F2031425364758 /* ToolSettingsPopover.swift */ = {isa = PBXFileReference; lastKnownFileType = sourcecode.swift; path = ToolSettingsPopover.swift; sourceTree = "<group>"; };
		7601EE91C6C7F4218ED01B97 /* ContentView.swift */ = {isa = PBXFileReference; lastKnownFileType = sourcecode.swift; path = ContentView.swift; sourceTree = "<group>"; };
		76F79C443F16555121292BFA /* StepGrade.swift */ = {isa = PBXFileReference; lastKnownFileType = sourcecode.swift; path = StepGrade.swift; sourceTree = "<group>"; };
		80D5714E68166CC2E06EB305 /* OnboardingView.swift */ = {isa = PBXFileReference; lastKnownFileType = sourcecode.swift; path = OnboardingView.swift; sourceTree = "<group>"; };
		88CBAB5E82734D68035A3F5B /* DocumentCanvasView.swift */ = {isa = PBXFileReference; lastKnownFileType = sourcecode.swift; path = DocumentCanvasView.swift; sourceTree = "<group>"; };
		88ED32B183BA25990245CDA4 /* PageNavigationBar.swift */ = {isa = PBXFileReference; lastKnownFileType = sourcecode.swift; path = PageNavigationBar.swift; sourceTree = "<group>"; };
		89D457DD4A19BE44FB1B756A /* DocumentCardView.swift */ = {isa = PBXFileReference; lastKnownFileType = sourcecode.swift; path = DocumentCardView.swift; sourceTree = "<group>"; };
		8A80C54AF55E8CD3E92177F8 /* Epilogue-Bold.ttf */ = {isa = PBXFileReference; lastKnownFileType = file; path = "Epilogue-Bold.ttf"; sourceTree = "<group>"; };
		8AF78B49877EF66B1BF1F451 /* ReefAPI.swift */ = {isa = PBXFileReference; lastKnownFileType = sourcecode.swift; path = ReefAPI.swift; sourceTree = "<group>"; };
		8D7B0E365C03F320A771808A /* Stroke.swift */ = {isa = PBXFileReference; lastKnownFileType = sourcecode.swift; path = Stroke.swift; sourceTree = "<group>"; };
		8E65BD7C9A0E5ED2143C27E1 /* Epilogue-Medium.ttf */ = {isa = PBXFileReference; lastKnownFileType = file; path = "Epilogue-Medium.ttf"; sourceTree = "<group>"; };
		8F905AA243B35B0F2634361D /* TutorsContentView.swift */ = {isa = PBXFileReference; lastKnownFileType = sourcecode.swift; path = TutorsContentView.swift; sourceTree = "<group>"; };
		8FD4D552F83298FB7A1D5F74 /* CanvasDrawingToolbar.swift */ = {isa = PBXFileReference; lastKnownFileType = sourcecode.swift; path = CanvasDrawingToolbar.swift; sourceTree = "<group>"; };
		95B0F2EF5A865F74D7E7DD1D /* MyReefComingSoonView.swift */ = {isa = PBXFileReference; lastKnownFileType = sourcecode.swift; path = MyReefComingSoonView.swift; sourceTree = "<group>"; };
		963DF30D2DD7054522E3DE8E /* StepName.swift */ = {isa = PBXFileReference; lastKnownFileType = sourcecode.swift; path = StepName.swift; sourceTree = "<group>"; };
		9D407F41F28AA8AA274C819A /* StepReferral.swift */ = {isa = PBXFileReference; lastKnownFileType = sourcecode.swift; path = StepReferral.swift; sourceTree = "<group>"; };
		9D55C4708073EE84D310231F /* DashboardTab.swift */ = {isa = PBXFileReference; lastKnownFileType = sourcecode.swift; path = DashboardTab.swift; sourceTree = "<group>"; };
		9E68361F46DF0D0B0951ECE8 /* AuthView.swift */ = {isa = PBXFileReference; lastKnownFileType = sourcecode.swift; path = AuthView.swift; sourceTree = "<group>"; };
		9EAA1162AF20BABF039AA139 /* DrawingStorageService.swift */ = {isa = PBXFileReference; lastKnownFileType = sourcecode.swift; path = DrawingStorageService.swift; sourceTree = "<group>"; };
		A25A2B8DBF193DFD88F7735D /* DashboardCard.swift */ = {isa = PBXFileReference; lastKnownFileType = sourcecode.swift; path = DashboardCard.swift; sourceTree = "<group>"; };
		A5567628FD84DD3F2A3EE9C0 /* LibraryComingSoonView.swift */ = {isa = PBXFileReference; lastKnownFileType = sourcecode.swift; path = LibraryComingSoonView.swift; sourceTree = "<group>"; };
		A601472A53F2EEA6CDC28FBB /* Supabase.swift */ = {isa = PBXFileReference; lastKnownFileType = sourcecode.swift; path = Supabase.swift; sourceTree = "<group>"; };
		A63F7484F21DD97CE355847A /* DocumentThumbnailView.swift */ = {isa = PBXFileReference; lastKnownFileType = sourcecode.swift; path = DocumentThumbnailView.swift; sourceTree = "<group>"; };
		A87A842EDF6A095888CFDDD9 /* DetailsSheet.swift */ = {isa = PBXFileReference; lastKnownFileType = sourcecode.swift; path = DetailsSheet.swift; sourceTree = "<group>"; };
		AC4262B97357102BF9818098 /* ReefApp.swift */ = {isa = PBXFileReference; lastKnownFileType = sourcecode.swift; path = ReefApp.swift; sourceTree = "<group>"; };
		B173B8CEC50D522DFF321B58 /* DeleteCourseSheet.swift */ = {isa = PBXFileReference; lastKnownFileType = sourcecode.swift; path = DeleteCourseSheet.swift; sourceTree = "<group>"; };
		B1C1085150D25A8BA7D81D2B /* Reef.entitlements */ = {isa = PBXFileReference; lastKnownFileType = text.plist.entitlements; path = Reef.entitlements; sourceTree = "<group>"; };
		B2D02F378056B2BB49C4E152 /* AnalyticsView.swift */ = {isa = PBXFileReference; lastKnownFileType = sourcecode.swift; path = AnalyticsView.swift; sourceTree = "<group>"; };
		B5D1E5B7436B84153535000D /* DeleteConfirmSheet.swift */ = {isa = PBXFileReference; lastKnownFileType = sourcecode.swift; path = DeleteConfirmSheet.swift; sourceTree = "<group>"; };
		B799BEAE73E04DF7F372AC53 /* DocumentEmptyStateView.swift */ = {isa = PBXFileReference; lastKnownFileType = sourcecode.swift; path = DocumentEmptyStateView.swift; sourceTree = "<group>"; };
		BDA5038E8A3E9B2E3773B103 /* TierLimits.swift */ = {isa = PBXFileReference; lastKnownFileType = sourcecode.swift; path = TierLimits.swift; sourceTree = "<group>"; };
		BE55B35776EF18319E886CB3 /* TutorService.swift */ = {isa = PBXFileReference; lastKnownFileType = sourcecode.swift; path = TutorService.swift; sourceTree = "<group>"; };
		C4413DEE7A1FFB5DD1383145 /* DocumentSkeletonView.swift */ = {isa = PBXFileReference; lastKnownFileType = sourcecode.swift; path = DocumentSkeletonView.swift; sourceTree = "<group>"; };
		C4934C859F8B38BE69CFCD55 /* StepSubjects.swift */ = {isa = PBXFileReference; lastKnownFileType = sourcecode.swift; path = StepSubjects.swift; sourceTree = "<group>"; };
		C62716989A979C764BB97646 /* EditCourseSheet.swift */ = {isa = PBXFileReference; lastKnownFileType = sourcecode.swift; path = EditCourseSheet.swift; sourceTree = "<group>"; };
		C6AC3AD434623B044419F756 /* TutorCardView.swift */ = {isa = PBXFileReference; lastKnownFileType = sourcecode.swift; path = TutorCardView.swift; sourceTree = "<group>"; };
		CB3CB769E3ED3BE1C744F53D /* Tutor.swift */ = {isa = PBXFileReference; lastKnownFileType = sourcecode.swift; path = Tutor.swift; sourceTree = "<group>"; };
		CB68DDA7D4AC1F96F7D205F3 /* DashboardHeader.swift */ = {isa = PBXFileReference; lastKnownFileType = sourcecode.swift; path = DashboardHeader.swift; sourceTree = "<group>"; };
		CBD7E54973DA4B2B73BE5D17 /* SelectCourseSheet.swift */ = {isa = PBXFileReference; lastKnownFileType = sourcecode.swift; path = SelectCourseSheet.swift; sourceTree = "<group>"; };
		D0EE44C6EECF0A8DC228112C /* TutorStepToolbar.swift */ = {isa = PBXFileReference; lastKnownFileType = sourcecode.swift; path = TutorStepToolbar.swift; sourceTree = "<group>"; };
		D8E70E19FB02A673E57447BD /* TutorStepData.swift */ = {isa = PBXFileReference; lastKnownFileType = sourcecode.swift; path = TutorStepData.swift; sourceTree = "<group>"; };
		E18130ED25D586583B5AA4AD /* CourseService.swift */ = {isa = PBXFileReference; lastKnownFileType = sourcecode.swift; path = CourseService.swift; sourceTree = "<group>"; };
		E2A242632736FB9BEE170074 /* Typography.swift */ = {isa = PBXFileReference; lastKnownFileType = sourcecode.swift; path = Typography.swift; sourceTree = "<group>"; };
		E2AE29018C76FB59A77FAF4E /* OnboardingComponents.swift */ = {isa = PBXFileReference; lastKnownFileType = sourcecode.swift; path = OnboardingComponents.swift; sourceTree = "<group>"; };
		E2EAD31CE2B2C164DC94837A /* LoggedInView.swift */ = {isa = PBXFileReference; lastKnownFileType = sourcecode.swift; path = LoggedInView.swift; sourceTree = "<group>"; };
		E3F9DA4A989C748B41386B54 /* TutorQuizSheet.swift */ = {isa = PBXFileReference; lastKnownFileType = sourcecode.swift; path = TutorQuizSheet.swift; sourceTree = "<group>"; };
		E41A4CDF554B8BCBFB8FAFFD /* AuthManager.swift */ = {isa = PBXFileReference; lastKnownFileType = sourcecode.swift; path = AuthManager.swift; sourceTree = "<group>"; };
		E4C016527AF48EC79C9CCF54 /* ReefTextField.swift */ = {isa = PBXFileReference; lastKnownFileType = sourcecode.swift; path = ReefTextField.swift; sourceTree = "<group>"; };
		EAF67386E8D3217F6F93CE39 /* DocumentUploadSheet.swift */ = {isa = PBXFileReference; lastKnownFileType = sourcecode.swift; path = DocumentUploadSheet.swift; sourceTree = "<group>"; };
		F0EB21ECE7AEA4945CFA6DFA /* MoveToCourseSheet.swift */ = {isa = PBXFileReference; lastKnownFileType = sourcecode.swift; path = MoveToCourseSheet.swift; sourceTree = "<group>"; };
		F89828EF647D60F501B07B68 /* DocumentsContentView.swift */ = {isa = PBXFileReference; lastKnownFileType = sourcecode.swift; path = DocumentsContentView.swift; sourceTree = "<group>"; };
		"TEMP_803ADD2E-6CFA-414D-A619-5FD48B823F61" /* Secrets.xcconfig */ = {isa = PBXFileReference; lastKnownFileType = text.xcconfig; path = Secrets.xcconfig; sourceTree = "<group>"; };
/* End PBXFileReference section */

/* Begin PBXFrameworksBuildPhase section */
		1DFBE8780698AEB75B7F2B72 /* Frameworks */ = {
			isa = PBXFrameworksBuildPhase;
			buildActionMask = 2147483647;
			files = (
				5764F13B61C5FBD9B17D28DD /* Supabase in Frameworks */,
				86C48AE599F618C06636F0BD /* GoogleSignIn in Frameworks */,
				B1342C3D4467A24E496A2705 /* AuthenticationServices.framework in Frameworks */,
			);
			runOnlyForDeploymentPostprocessing = 0;
		};
/* End PBXFrameworksBuildPhase section */

/* Begin PBXGroup section */
		019D0ADC68C9D9ECF96D19C5 /* Design */ = {
			isa = PBXGroup;
			children = (
				585B9AFB26D4C25AB8FFF803 /* Colors.swift */,
				4EEB1F4ACFC66F718ED11A8E /* LayoutMetrics.swift */,
				E2A242632736FB9BEE170074 /* Typography.swift */,
				37CB64D67A4227D8D98F7032 /* Components */,
			);
			path = Design;
			sourceTree = "<group>";
		};
		0DE2D8E5A31F98BEC3437368 /* Models */ = {
			isa = PBXGroup;
			children = (
				018AA0C6595861D1E872AB8D /* Course.swift */,
				265263583EBF3C1E1930E940 /* Document.swift */,
				03EFB80C39A971E1BDC73605 /* Profile.swift */,
				8D7B0E365C03F320A771808A /* Stroke.swift */,
				CB3CB769E3ED3BE1C744F53D /* Tutor.swift */,
				D8E70E19FB02A673E57447BD /* TutorStepData.swift */,
			);
			path = Models;
			sourceTree = "<group>";
		};
		18C69EFE0AF9128BD3588C6A /* Products */ = {
			isa = PBXGroup;
			children = (
				2FEBC9D0D9B06F74E3F564A1 /* Reef.app */,
			);
			name = Products;
			sourceTree = "<group>";
		};
		21E695D7F4A0DD084ACEC71D /* Canvas */ = {
			isa = PBXGroup;
			children = (
				8FD4D552F83298FB7A1D5F74 /* CanvasDrawingToolbar.swift */,
				6DBAC810D46731DEC9B1AC08 /* CanvasPageView.swift */,
				2A58933EF653E5137FE20BA0 /* CanvasToolbar.swift */,
				0F1DB9597A94021843C8228F /* CanvasViewModel.swift */,
				B5C2D3E4F6071829304B5C6D /* DrawingManager.swift */,
				A7B8C9D0E1F2031425364758 /* ToolSettingsPopover.swift */,
				88CBAB5E82734D68035A3F5B /* DocumentCanvasView.swift */,
				88ED32B183BA25990245CDA4 /* PageNavigationBar.swift */,
				A1B2C3D4E5F60718293A4B5C /* RulerOverlayView.swift */,
				D0EE44C6EECF0A8DC228112C /* TutorStepToolbar.swift */,
			);
			path = Canvas;
			sourceTree = "<group>";
		};
		30632B30B15AC95E949447F5 /* Config */ = {
			isa = PBXGroup;
			children = (
				A601472A53F2EEA6CDC28FBB /* Supabase.swift */,
			);
			path = Config;
			sourceTree = "<group>";
		};
		37CB64D67A4227D8D98F7032 /* Components */ = {
			isa = PBXGroup;
			children = (
				A25A2B8DBF193DFD88F7735D /* DashboardCard.swift */,
				E2AE29018C76FB59A77FAF4E /* OnboardingComponents.swift */,
				12B67D53D01AE43D3B31BDEE /* ReefButton.swift */,
				1CC10B33BD05613452B10A19 /* ReefCard.swift */,
				0F2272F12753F94D68D47474 /* ReefDivider.swift */,
				E4C016527AF48EC79C9CCF54 /* ReefTextField.swift */,
			);
			path = Components;
			sourceTree = "<group>";
		};
		3D27759BB73F2CF317237F01 /* Courses */ = {
			isa = PBXGroup;
			children = (
				60B4E463F8DF98D911D2B0E1 /* CourseDetailView.swift */,
				DF35A28BADA8E4BF818D5F97 /* Modals */,
			);
			path = Courses;
			sourceTree = "<group>";
		};
		3FDBAB5B87D256DDE2E73928 /* Services */ = {
			isa = PBXGroup;
			children = (
				E18130ED25D586583B5AA4AD /* CourseService.swift */,
				174AF4CC7C1EA4B8D4C88E52 /* DocumentService.swift */,
				9EAA1162AF20BABF039AA139 /* DrawingStorageService.swift */,
				8AF78B49877EF66B1BF1F451 /* ReefAPI.swift */,
				BDA5038E8A3E9B2E3773B103 /* TierLimits.swift */,
				BE55B35776EF18319E886CB3 /* TutorService.swift */,
			);
			path = Services;
			sourceTree = "<group>";
		};
		4E03B2ADCB5A902801BD214F /* Settings */ = {
			isa = PBXGroup;
			children = (
				47EE0F7965A070BD244FA35D /* SettingsView.swift */,
			);
			path = Settings;
			sourceTree = "<group>";
		};
		5A0E5869A02E713A77AAFD78 /* Onboarding */ = {
			isa = PBXGroup;
			children = (
				80D5714E68166CC2E06EB305 /* OnboardingView.swift */,
				76F79C443F16555121292BFA /* StepGrade.swift */,
				963DF30D2DD7054522E3DE8E /* StepName.swift */,
				9D407F41F28AA8AA274C819A /* StepReferral.swift */,
				C4934C859F8B38BE69CFCD55 /* StepSubjects.swift */,
			);
			path = Onboarding;
			sourceTree = "<group>";
		};
		624D905650AFCFF61C8BAAD8 /* Frameworks */ = {
			isa = PBXGroup;
			children = (
				2FBE66A9E92A7CCD7A95310A /* AuthenticationServices.framework */,
			);
			name = Frameworks;
			sourceTree = "<group>";
		};
		7262DF6D88DE3E4B21390AF9 /* Resources */ = {
			isa = PBXGroup;
			children = (
				A36EF218BD5F85D4067BBC07 /* Fonts */,
			);
			path = Resources;
			sourceTree = "<group>";
		};
		9E035EEBB3BF12522CAEA34E /* Documents */ = {
			isa = PBXGroup;
			children = (
				89D457DD4A19BE44FB1B756A /* DocumentCardView.swift */,
				B799BEAE73E04DF7F372AC53 /* DocumentEmptyStateView.swift */,
				F89828EF647D60F501B07B68 /* DocumentsContentView.swift */,
				C4413DEE7A1FFB5DD1383145 /* DocumentSkeletonView.swift */,
				A63F7484F21DD97CE355847A /* DocumentThumbnailView.swift */,
				BE9E663DCC74413A36D778CD /* Modals */,
			);
			path = Documents;
			sourceTree = "<group>";
		};
		A36EF218BD5F85D4067BBC07 /* Fonts */ = {
			isa = PBXGroup;
			children = (
				41332C9FDF05A89BF7374377 /* Epilogue-Black.ttf */,
				8A80C54AF55E8CD3E92177F8 /* Epilogue-Bold.ttf */,
				8E65BD7C9A0E5ED2143C27E1 /* Epilogue-Medium.ttf */,
				60BB4D786D5BD94C884A3D33 /* Epilogue-SemiBold.ttf */,
			);
			path = Fonts;
			sourceTree = "<group>";
		};
		B2628B720F773968DD180F5C /* Tutors */ = {
			isa = PBXGroup;
			children = (
				C6AC3AD434623B044419F756 /* TutorCardView.swift */,
				17EC25D93DC07C6A4EE3C6BB /* TutorDetailSheet.swift */,
				E3F9DA4A989C748B41386B54 /* TutorQuizSheet.swift */,
				8F905AA243B35B0F2634361D /* TutorsContentView.swift */,
				3BE24D45EA867265C71FFD78 /* TutorSpotlightView.swift */,
			);
			path = Tutors;
			sourceTree = "<group>";
		};
		BD5A6C548E05A85AFF4FF6E4 /* Views */ = {
			isa = PBXGroup;
			children = (
				E2EAD31CE2B2C164DC94837A /* LoggedInView.swift */,
				D38D8310566A59D632087B38 /* Auth */,
				21E695D7F4A0DD084ACEC71D /* Canvas */,
				F53E2133A2AEE9F4E82311F3 /* Dashboard */,
				5A0E5869A02E713A77AAFD78 /* Onboarding */,
			);
			path = Views;
			sourceTree = "<group>";
		};
		BE9E663DCC74413A36D778CD /* Modals */ = {
			isa = PBXGroup;
			children = (
				B5D1E5B7436B84153535000D /* DeleteConfirmSheet.swift */,
				A87A842EDF6A095888CFDDD9 /* DetailsSheet.swift */,
				EAF67386E8D3217F6F93CE39 /* DocumentUploadSheet.swift */,
				F0EB21ECE7AEA4945CFA6DFA /* MoveToCourseSheet.swift */,
				490FEAC3017FC71010B4D5AE /* RenameSheet.swift */,
				CBD7E54973DA4B2B73BE5D17 /* SelectCourseSheet.swift */,
			);
			path = Modals;
			sourceTree = "<group>";
		};
		CD282D01C21A1CB2BA694890 /* Reef */ = {
			isa = PBXGroup;
			children = (
				3F68AC1C3432E326DB646676 /* Assets.xcassets */,
				7601EE91C6C7F4218ED01B97 /* ContentView.swift */,
				B1C1085150D25A8BA7D81D2B /* Reef.entitlements */,
				AC4262B97357102BF9818098 /* ReefApp.swift */,
				DE1BD128EA2A0639C86D1413 /* Auth */,
				30632B30B15AC95E949447F5 /* Config */,
				019D0ADC68C9D9ECF96D19C5 /* Design */,
				0DE2D8E5A31F98BEC3437368 /* Models */,
				7262DF6D88DE3E4B21390AF9 /* Resources */,
				3FDBAB5B87D256DDE2E73928 /* Services */,
				BD5A6C548E05A85AFF4FF6E4 /* Views */,
			);
			path = Reef;
			sourceTree = "<group>";
		};
		D38D8310566A59D632087B38 /* Auth */ = {
			isa = PBXGroup;
			children = (
				9E68361F46DF0D0B0951ECE8 /* AuthView.swift */,
				0DF8BD8B535EA42A563DFBC5 /* GoogleIcon.swift */,
			);
			path = Auth;
			sourceTree = "<group>";
		};
		DE1BD128EA2A0639C86D1413 /* Auth */ = {
			isa = PBXGroup;
			children = (
				206F870E71C6B2391213AE78 /* AppleSignInCoordinator.swift */,
				E41A4CDF554B8BCBFB8FAFFD /* AuthManager.swift */,
			);
			path = Auth;
			sourceTree = "<group>";
		};
		DF35A28BADA8E4BF818D5F97 /* Modals */ = {
			isa = PBXGroup;
			children = (
				B173B8CEC50D522DFF321B58 /* DeleteCourseSheet.swift */,
				C62716989A979C764BB97646 /* EditCourseSheet.swift */,
			);
			path = Modals;
			sourceTree = "<group>";
		};
		F0F46F2D121C884BE5CD2C5E = {
			isa = PBXGroup;
			children = (
				CD282D01C21A1CB2BA694890 /* Reef */,
				624D905650AFCFF61C8BAAD8 /* Frameworks */,
				18C69EFE0AF9128BD3588C6A /* Products */,
			);
			sourceTree = "<group>";
		};
		F53E2133A2AEE9F4E82311F3 /* Dashboard */ = {
			isa = PBXGroup;
			children = (
				B2D02F378056B2BB49C4E152 /* AnalyticsView.swift */,
				CB68DDA7D4AC1F96F7D205F3 /* DashboardHeader.swift */,
				37B37BB11E1BD7F39B65686E /* DashboardSidebar.swift */,
				9D55C4708073EE84D310231F /* DashboardTab.swift */,
				621895831183A84BD5E2F54B /* DashboardView.swift */,
				A5567628FD84DD3F2A3EE9C0 /* LibraryComingSoonView.swift */,
				95B0F2EF5A865F74D7E7DD1D /* MyReefComingSoonView.swift */,
				3D27759BB73F2CF317237F01 /* Courses */,
				9E035EEBB3BF12522CAEA34E /* Documents */,
				4E03B2ADCB5A902801BD214F /* Settings */,
				B2628B720F773968DD180F5C /* Tutors */,
			);
			path = Dashboard;
			sourceTree = "<group>";
		};
		"TEMP_F021EDB2-138A-4175-B2DB-4C8BCD69EC01" /* Reef-iOS */ = {
			isa = PBXGroup;
			children = (
				"TEMP_803ADD2E-6CFA-414D-A619-5FD48B823F61" /* Secrets.xcconfig */,
			);
			path = "Reef-iOS";
			sourceTree = "<group>";
		};
/* End PBXGroup section */

/* Begin PBXNativeTarget section */
		D7F066D58D043CAD0E116B49 /* Reef */ = {
			isa = PBXNativeTarget;
			buildConfigurationList = 5F6D2A2F7961245FFCA5DBCF /* Build configuration list for PBXNativeTarget "Reef" */;
			buildPhases = (
				6A8B1E5D177C954475EA3FB4 /* Sources */,
				C4282BA9ED49CCF74800A819 /* Resources */,
				1DFBE8780698AEB75B7F2B72 /* Frameworks */,
			);
			buildRules = (
			);
			dependencies = (
			);
			name = Reef;
			packageProductDependencies = (
				ECE996E3DB8403B5ED787530 /* Supabase */,
				8A0AD6F5B9C938C549CBDA7E /* GoogleSignIn */,
			);
			productName = Reef;
			productReference = 2FEBC9D0D9B06F74E3F564A1 /* Reef.app */;
			productType = "com.apple.product-type.application";
		};
/* End PBXNativeTarget section */

/* Begin PBXProject section */
		B117C27BD747E2170882ECBA /* Project object */ = {
			isa = PBXProject;
			attributes = {
				BuildIndependentTargetsInParallel = YES;
				LastUpgradeCheck = 1600;
				TargetAttributes = {
					D7F066D58D043CAD0E116B49 = {
						DevelopmentTeam = SMJLWBZ8X6;
						ProvisioningStyle = Automatic;
					};
				};
			};
			buildConfigurationList = 1D01D14121A81775924CE721 /* Build configuration list for PBXProject "Reef" */;
			compatibilityVersion = "Xcode 14.0";
			developmentRegion = en;
			hasScannedForEncodings = 0;
			knownRegions = (
				Base,
				en,
			);
			mainGroup = F0F46F2D121C884BE5CD2C5E;
			minimizedProjectReferenceProxies = 1;
			packageReferences = (
				243B9C3E9988E1B00BEF7698 /* XCRemoteSwiftPackageReference "GoogleSignIn-iOS" */,
				7DDE570BD922A527B8FF276B /* XCRemoteSwiftPackageReference "supabase-swift" */,
			);
			preferredProjectObjectVersion = 77;
			projectDirPath = "";
			projectRoot = "";
			targets = (
				D7F066D58D043CAD0E116B49 /* Reef */,
			);
		};
/* End PBXProject section */

/* Begin PBXResourcesBuildPhase section */
		C4282BA9ED49CCF74800A819 /* Resources */ = {
			isa = PBXResourcesBuildPhase;
			buildActionMask = 2147483647;
			files = (
				BE34AD54F16F85B938302FE7 /* Assets.xcassets in Resources */,
				611EB261C6B4D00B6ADA902E /* Epilogue-Black.ttf in Resources */,
				D76683C3BC8B3E2C1170517A /* Epilogue-Bold.ttf in Resources */,
				53A8FAA539972BE884E9A543 /* Epilogue-Medium.ttf in Resources */,
				D29EC142A3431E5CA3D29869 /* Epilogue-SemiBold.ttf in Resources */,
			);
			runOnlyForDeploymentPostprocessing = 0;
		};
/* End PBXResourcesBuildPhase section */

/* Begin PBXSourcesBuildPhase section */
		6A8B1E5D177C954475EA3FB4 /* Sources */ = {
			isa = PBXSourcesBuildPhase;
			buildActionMask = 2147483647;
			files = (
				18470D214CF1DF392B1E43CD /* AnalyticsView.swift in Sources */,
				D07E9FEAC5D7A2AD66303B45 /* AppleSignInCoordinator.swift in Sources */,
				FD60877CF5857B3959806C09 /* AuthManager.swift in Sources */,
				D127D837D809C7679D5F1098 /* AuthView.swift in Sources */,
				DA76E99FB2AF561DDF93E324 /* CanvasDrawingToolbar.swift in Sources */,
				D4A1B2C3E5F60718293A4B5D /* DrawingManager.swift in Sources */,
				E6F3A4B5C7D8091A2B3C4D5E /* ToolSettingsPopover.swift in Sources */,
				EEE6888BA6B0E77018D4F67F /* CanvasPageView.swift in Sources */,
				FD40162D4542094829B3C5A3 /* CanvasToolbar.swift in Sources */,
				D90D66552E64DEAC25C27A6B /* CanvasViewModel.swift in Sources */,
				A371C46423DF8A87C7CB0F3B /* Colors.swift in Sources */,
				BFEC612BA600837B55341B71 /* ContentView.swift in Sources */,
				29FE99041BD85DA967788BB5 /* Course.swift in Sources */,
				7F1FCE775A5319A5A9B341A7 /* CourseDetailView.swift in Sources */,
				5324B3303CAB2D0612C06D62 /* CourseService.swift in Sources */,
				84C859546EF6E6C562DEADB5 /* DashboardCard.swift in Sources */,
				54FC3EDC51D987C68956D963 /* DashboardHeader.swift in Sources */,
				080C05AE475D134C85184ADD /* DashboardSidebar.swift in Sources */,
				20617A406EC1A2D7D549E1B8 /* DashboardTab.swift in Sources */,
				E1FE5B8F8C72B65D35C1A690 /* DashboardView.swift in Sources */,
				72A55DBAD20C9BB77D65A80C /* DeleteConfirmSheet.swift in Sources */,
				56C0A2469AF443A5054C00B8 /* DeleteCourseSheet.swift in Sources */,
				1D0F8C36565814C7658038AA /* DetailsSheet.swift in Sources */,
				6894FA3B9E450368F6ACFFEC /* Document.swift in Sources */,
				8D9C20ED95E13C63AF47D183 /* DocumentCanvasView.swift in Sources */,
				AFA7110C64EDCAED5FEDA07D /* DocumentCardView.swift in Sources */,
				6F39CDB31D9F61B104344DB6 /* DocumentEmptyStateView.swift in Sources */,
				0F855BD915F52566D4F589B5 /* DocumentService.swift in Sources */,
				0D57C6630526C57BD3344830 /* DocumentSkeletonView.swift in Sources */,
				29ABBCFE358D2F989FAADF8D /* DocumentThumbnailView.swift in Sources */,
				AD35B3EEA62C8A9D31D3B6FD /* DocumentUploadSheet.swift in Sources */,
				F9425CBAF52188A136ADFCEF /* DocumentsContentView.swift in Sources */,
				80FEC5FE83B6D86AA15207B6 /* DrawingStorageService.swift in Sources */,
				3DE926B269B45A3556BD54E3 /* EditCourseSheet.swift in Sources */,
				E138484BC8F681E63E77244C /* GoogleIcon.swift in Sources */,
				281DF2F73F5FD8AFB1DE7781 /* LayoutMetrics.swift in Sources */,
				83C615293A2D56941E6E8F45 /* LibraryComingSoonView.swift in Sources */,
				4A17069553C0BDE0AF71D36B /* LoggedInView.swift in Sources */,
				DD9936044F3D100E151E5FF6 /* MoveToCourseSheet.swift in Sources */,
				15A7F7327D87C4A7010DD0EE /* MyReefComingSoonView.swift in Sources */,
				AE1BE3E7815DBBE172F92BE7 /* OnboardingComponents.swift in Sources */,
				B2489E124F224ADCD32F169F /* OnboardingView.swift in Sources */,
				9ADE99D97C893E843E7D677D /* PageNavigationBar.swift in Sources */,
				86EC51544647FC884C1827BD /* Profile.swift in Sources */,
				72D09602B96DA1E7231038C2 /* ReefAPI.swift in Sources */,
				2392BBC7AE73020CFF834AF0 /* ReefApp.swift in Sources */,
				9223495A7D2DEDCA6FE9A351 /* ReefButton.swift in Sources */,
				4B77DE746EC133DCDE98D407 /* ReefCard.swift in Sources */,
				98E9547119361714B8EE388A /* ReefDivider.swift in Sources */,
				8081686831DE310C575DC5EA /* ReefTextField.swift in Sources */,
				39F5B0F07CB08E94B94A2D34 /* RenameSheet.swift in Sources */,
				F1A2B3C4D5E6F7081920ABCD /* RulerOverlayView.swift in Sources */,
				33FEDA7F8481CB0C7C82E18D /* SelectCourseSheet.swift in Sources */,
				7CEDC9E329E1A97890E754CF /* SettingsView.swift in Sources */,
				7EBF041F6AD776F21B069537 /* StepGrade.swift in Sources */,
				5D2AD13513DF7173DB05E905 /* StepName.swift in Sources */,
				B139C22ACB1BB96D3F97B84C /* StepReferral.swift in Sources */,
				DF4791ADB383CB19C8C4EDB5 /* StepSubjects.swift in Sources */,
				1859DAF23B73A60D14A89C75 /* Stroke.swift in Sources */,
				689EDB34F09D6D2BB8CED1D2 /* Supabase.swift in Sources */,
				1B7DC7404AC46691E8FE909C /* TierLimits.swift in Sources */,
				1C1C0847C2B712AF90229BE2 /* Tutor.swift in Sources */,
				8AEFE80127997D5D0834F33D /* TutorCardView.swift in Sources */,
				2669D335E6347312BE71B4A3 /* TutorDetailSheet.swift in Sources */,
				D5C0B7BA06CC6917331DE308 /* TutorQuizSheet.swift in Sources */,
				F09115CEAAE583F111ABF4F7 /* TutorService.swift in Sources */,
				9787D96FD49B9BF7FF5AC6AE /* TutorSpotlightView.swift in Sources */,
				A25948F8B9DE842DED9CE349 /* TutorStepData.swift in Sources */,
				63434276DDB9C95FF4540B61 /* TutorStepToolbar.swift in Sources */,
				763BE48D3230106445268070 /* TutorsContentView.swift in Sources */,
				92722784C33A0E7DAA072BDA /* Typography.swift in Sources */,
			);
			runOnlyForDeploymentPostprocessing = 0;
		};
/* End PBXSourcesBuildPhase section */

/* Begin XCBuildConfiguration section */
		180C600DF9244D6A15808B6C /* Debug */ = {
			isa = XCBuildConfiguration;
			buildSettings = {
				ASSETCATALOG_COMPILER_APPICON_NAME = AppIcon;
				CODE_SIGN_ENTITLEMENTS = Reef/Reef.entitlements;
				CODE_SIGN_IDENTITY = "iPhone Developer";
				CODE_SIGN_STYLE = Automatic;
				DEVELOPMENT_TEAM = SMJLWBZ8X6;
				INFOPLIST_FILE = Info.plist;
				LD_RUNPATH_SEARCH_PATHS = (
					"$(inherited)",
					"@executable_path/Frameworks",
				);
				PRODUCT_BUNDLE_IDENTIFIER = com.studyreef.app;
				SDKROOT = iphoneos;
				TARGETED_DEVICE_FAMILY = 2;
			};
			name = Debug;
		};
		1BD7BEF1E89EDDE56CE4C087 /* Debug */ = {
			isa = XCBuildConfiguration;
			baseConfigurationReference = "TEMP_803ADD2E-6CFA-414D-A619-5FD48B823F61" /* Secrets.xcconfig */;
			buildSettings = {
				ALWAYS_SEARCH_USER_PATHS = NO;
				CLANG_ANALYZER_NONNULL = YES;
				CLANG_ANALYZER_NUMBER_OBJECT_CONVERSION = YES_AGGRESSIVE;
				CLANG_CXX_LANGUAGE_STANDARD = "gnu++14";
				CLANG_CXX_LIBRARY = "libc++";
				CLANG_ENABLE_MODULES = YES;
				CLANG_ENABLE_OBJC_ARC = YES;
				CLANG_ENABLE_OBJC_WEAK = YES;
				CLANG_WARN_BLOCK_CAPTURE_AUTORELEASING = YES;
				CLANG_WARN_BOOL_CONVERSION = YES;
				CLANG_WARN_COMMA = YES;
				CLANG_WARN_CONSTANT_CONVERSION = YES;
				CLANG_WARN_DEPRECATED_OBJC_IMPLEMENTATIONS = YES;
				CLANG_WARN_DIRECT_OBJC_ISA_USAGE = YES_ERROR;
				CLANG_WARN_DOCUMENTATION_COMMENTS = YES;
				CLANG_WARN_EMPTY_BODY = YES;
				CLANG_WARN_ENUM_CONVERSION = YES;
				CLANG_WARN_INFINITE_RECURSION = YES;
				CLANG_WARN_INT_CONVERSION = YES;
				CLANG_WARN_NON_LITERAL_NULL_CONVERSION = YES;
				CLANG_WARN_OBJC_IMPLICIT_RETAIN_SELF = YES;
				CLANG_WARN_OBJC_LITERAL_CONVERSION = YES;
				CLANG_WARN_OBJC_ROOT_CLASS = YES_ERROR;
				CLANG_WARN_QUOTED_INCLUDE_IN_FRAMEWORK_HEADER = YES;
				CLANG_WARN_RANGE_LOOP_ANALYSIS = YES;
				CLANG_WARN_STRICT_PROTOTYPES = YES;
				CLANG_WARN_SUSPICIOUS_MOVE = YES;
				CLANG_WARN_UNGUARDED_AVAILABILITY = YES_AGGRESSIVE;
				CLANG_WARN_UNREACHABLE_CODE = YES;
				CLANG_WARN__DUPLICATE_METHOD_MATCH = YES;
				COPY_PHASE_STRIP = NO;
				DEBUG_INFORMATION_FORMAT = dwarf;
				ENABLE_STRICT_OBJC_MSGSEND = YES;
				ENABLE_TESTABILITY = YES;
				GCC_C_LANGUAGE_STANDARD = gnu11;
				GCC_DYNAMIC_NO_PIC = NO;
				GCC_NO_COMMON_BLOCKS = YES;
				GCC_OPTIMIZATION_LEVEL = 0;
				GCC_PREPROCESSOR_DEFINITIONS = (
					"$(inherited)",
					"DEBUG=1",
				);
				GCC_WARN_64_TO_32_BIT_CONVERSION = YES;
				GCC_WARN_ABOUT_RETURN_TYPE = YES_ERROR;
				GCC_WARN_UNDECLARED_SELECTOR = YES;
				GCC_WARN_UNINITIALIZED_AUTOS = YES_AGGRESSIVE;
				GCC_WARN_UNUSED_FUNCTION = YES;
				GCC_WARN_UNUSED_VARIABLE = YES;
				INFOPLIST_FILE = Info.plist;
				IPHONEOS_DEPLOYMENT_TARGET = 18.2;
				MTL_ENABLE_DEBUG_INFO = INCLUDE_SOURCE;
				MTL_FAST_MATH = YES;
				ONLY_ACTIVE_ARCH = YES;
				PRODUCT_NAME = "$(TARGET_NAME)";
				SDKROOT = iphoneos;
				SWIFT_ACTIVE_COMPILATION_CONDITIONS = DEBUG;
				SWIFT_OPTIMIZATION_LEVEL = "-Onone";
				SWIFT_VERSION = 6.0;
				TARGETED_DEVICE_FAMILY = 2;
			};
			name = Debug;
		};
		2F86F9DF4FC6D46CAC4D5011 /* Release */ = {
			isa = XCBuildConfiguration;
			baseConfigurationReference = "TEMP_803ADD2E-6CFA-414D-A619-5FD48B823F61" /* Secrets.xcconfig */;
			buildSettings = {
				ALWAYS_SEARCH_USER_PATHS = NO;
				CLANG_ANALYZER_NONNULL = YES;
				CLANG_ANALYZER_NUMBER_OBJECT_CONVERSION = YES_AGGRESSIVE;
				CLANG_CXX_LANGUAGE_STANDARD = "gnu++14";
				CLANG_CXX_LIBRARY = "libc++";
				CLANG_ENABLE_MODULES = YES;
				CLANG_ENABLE_OBJC_ARC = YES;
				CLANG_ENABLE_OBJC_WEAK = YES;
				CLANG_WARN_BLOCK_CAPTURE_AUTORELEASING = YES;
				CLANG_WARN_BOOL_CONVERSION = YES;
				CLANG_WARN_COMMA = YES;
				CLANG_WARN_CONSTANT_CONVERSION = YES;
				CLANG_WARN_DEPRECATED_OBJC_IMPLEMENTATIONS = YES;
				CLANG_WARN_DIRECT_OBJC_ISA_USAGE = YES_ERROR;
				CLANG_WARN_DOCUMENTATION_COMMENTS = YES;
				CLANG_WARN_EMPTY_BODY = YES;
				CLANG_WARN_ENUM_CONVERSION = YES;
				CLANG_WARN_INFINITE_RECURSION = YES;
				CLANG_WARN_INT_CONVERSION = YES;
				CLANG_WARN_NON_LITERAL_NULL_CONVERSION = YES;
				CLANG_WARN_OBJC_IMPLICIT_RETAIN_SELF = YES;
				CLANG_WARN_OBJC_LITERAL_CONVERSION = YES;
				CLANG_WARN_OBJC_ROOT_CLASS = YES_ERROR;
				CLANG_WARN_QUOTED_INCLUDE_IN_FRAMEWORK_HEADER = YES;
				CLANG_WARN_RANGE_LOOP_ANALYSIS = YES;
				CLANG_WARN_STRICT_PROTOTYPES = YES;
				CLANG_WARN_SUSPICIOUS_MOVE = YES;
				CLANG_WARN_UNGUARDED_AVAILABILITY = YES_AGGRESSIVE;
				CLANG_WARN_UNREACHABLE_CODE = YES;
				CLANG_WARN__DUPLICATE_METHOD_MATCH = YES;
				COPY_PHASE_STRIP = NO;
				DEBUG_INFORMATION_FORMAT = "dwarf-with-dsym";
				ENABLE_NS_ASSERTIONS = NO;
				ENABLE_STRICT_OBJC_MSGSEND = YES;
				GCC_C_LANGUAGE_STANDARD = gnu11;
				GCC_NO_COMMON_BLOCKS = YES;
				GCC_WARN_64_TO_32_BIT_CONVERSION = YES;
				GCC_WARN_ABOUT_RETURN_TYPE = YES_ERROR;
				GCC_WARN_UNDECLARED_SELECTOR = YES;
				GCC_WARN_UNINITIALIZED_AUTOS = YES_AGGRESSIVE;
				GCC_WARN_UNUSED_FUNCTION = YES;
				GCC_WARN_UNUSED_VARIABLE = YES;
				INFOPLIST_FILE = Info.plist;
				IPHONEOS_DEPLOYMENT_TARGET = 18.2;
				MTL_ENABLE_DEBUG_INFO = NO;
				MTL_FAST_MATH = YES;
				PRODUCT_NAME = "$(TARGET_NAME)";
				SDKROOT = iphoneos;
				SWIFT_COMPILATION_MODE = wholemodule;
				SWIFT_OPTIMIZATION_LEVEL = "-O";
				SWIFT_VERSION = 6.0;
				TARGETED_DEVICE_FAMILY = 2;
			};
			name = Release;
		};
		96F61E45FADBC445A5F8115B /* Release */ = {
			isa = XCBuildConfiguration;
			buildSettings = {
				ASSETCATALOG_COMPILER_APPICON_NAME = AppIcon;
				CODE_SIGN_ENTITLEMENTS = Reef/Reef.entitlements;
				CODE_SIGN_IDENTITY = "iPhone Developer";
				CODE_SIGN_STYLE = Automatic;
				DEVELOPMENT_TEAM = SMJLWBZ8X6;
				INFOPLIST_FILE = Info.plist;
				LD_RUNPATH_SEARCH_PATHS = (
					"$(inherited)",
					"@executable_path/Frameworks",
				);
				PRODUCT_BUNDLE_IDENTIFIER = com.studyreef.app;
				SDKROOT = iphoneos;
				TARGETED_DEVICE_FAMILY = 2;
			};
			name = Release;
		};
/* End XCBuildConfiguration section */

/* Begin XCConfigurationList section */
		1D01D14121A81775924CE721 /* Build configuration list for PBXProject "Reef" */ = {
			isa = XCConfigurationList;
			buildConfigurations = (
				1BD7BEF1E89EDDE56CE4C087 /* Debug */,
				2F86F9DF4FC6D46CAC4D5011 /* Release */,
			);
			defaultConfigurationIsVisible = 0;
			defaultConfigurationName = Debug;
		};
		5F6D2A2F7961245FFCA5DBCF /* Build configuration list for PBXNativeTarget "Reef" */ = {
			isa = XCConfigurationList;
			buildConfigurations = (
				180C600DF9244D6A15808B6C /* Debug */,
				96F61E45FADBC445A5F8115B /* Release */,
			);
			defaultConfigurationIsVisible = 0;
			defaultConfigurationName = Debug;
		};
/* End XCConfigurationList section */

/* Begin XCRemoteSwiftPackageReference section */
		243B9C3E9988E1B00BEF7698 /* XCRemoteSwiftPackageReference "GoogleSignIn-iOS" */ = {
			isa = XCRemoteSwiftPackageReference;
			repositoryURL = "https://github.com/google/GoogleSignIn-iOS";
			requirement = {
				kind = upToNextMajorVersion;
				minimumVersion = 8.0.0;
			};
		};
		7DDE570BD922A527B8FF276B /* XCRemoteSwiftPackageReference "supabase-swift" */ = {
			isa = XCRemoteSwiftPackageReference;
			repositoryURL = "https://github.com/supabase/supabase-swift";
			requirement = {
				kind = upToNextMajorVersion;
				minimumVersion = 2.0.0;
			};
		};
/* End XCRemoteSwiftPackageReference section */

/* Begin XCSwiftPackageProductDependency section */
		8A0AD6F5B9C938C549CBDA7E /* GoogleSignIn */ = {
			isa = XCSwiftPackageProductDependency;
			package = 243B9C3E9988E1B00BEF7698 /* XCRemoteSwiftPackageReference "GoogleSignIn-iOS" */;
			productName = GoogleSignIn;
		};
		ECE996E3DB8403B5ED787530 /* Supabase */ = {
			isa = XCSwiftPackageProductDependency;
			package = 7DDE570BD922A527B8FF276B /* XCRemoteSwiftPackageReference "supabase-swift" */;
			productName = Supabase;
		};
/* End XCSwiftPackageProductDependency section */
	};
	rootObject = B117C27BD747E2170882ECBA /* Project object */;
}
