// !$*UTF8*$!
{
	archiveVersion = 1;
	classes = {
	};
	objectVersion = 77;
	objects = {

/* Begin PBXBuildFile section */
		00D8E6935299726B8B32D780 /* PopupShellModifier.swift in Sources */ = {isa = PBXBuildFile; fileRef = 3205E3BD9FC3234A4F37231A /* PopupShellModifier.swift */; };
		019E86842A2685EB9B40CAAF /* ShapeRecognizer.swift in Sources */ = {isa = PBXBuildFile; fileRef = 1DF6F897609CDB22C4ABE252 /* ShapeRecognizer.swift */; };
		028D2AA91435370D8B584B53 /* ReefTextField.swift in Sources */ = {isa = PBXBuildFile; fileRef = BF7ECE3CE5AFD4A1E43FEA24 /* ReefTextField.swift */; };
		043B2A8FF6EFC7DAB05AE012 /* DashboardCardModifier.swift in Sources */ = {isa = PBXBuildFile; fileRef = 2ED4E8C569BD35F02677D82C /* DashboardCardModifier.swift */; };
		0806D6C4FC3112C6AA6B8EFE /* DashboardView.swift in Sources */ = {isa = PBXBuildFile; fileRef = E1DF6E9442D61855C2F2DC6C /* DashboardView.swift */; };
		0A483380FF6AC22B6869D458 /* ProfileUpdate.swift in Sources */ = {isa = PBXBuildFile; fileRef = 837EF10AE734D9E16B28F190 /* ProfileUpdate.swift */; };
		0C4D21737CC83E59DB26C24F /* SupabaseProfileRepository.swift in Sources */ = {isa = PBXBuildFile; fileRef = A965EEABECDE87D79AF04DC7 /* SupabaseProfileRepository.swift */; };
		0D287237BD753E19E0F355B0 /* ReefColors.swift in Sources */ = {isa = PBXBuildFile; fileRef = 82315CD65E53D1BAD137A91C /* ReefColors.swift */; };
		0DC3FCB745F3E1C347C71AEE /* CanvasDrawingBar.swift in Sources */ = {isa = PBXBuildFile; fileRef = EF282AF06622A7490F913DB0 /* CanvasDrawingBar.swift */; };
		1040571EEA06DD01EC7E1776 /* ToolSettingsPopover.swift in Sources */ = {isa = PBXBuildFile; fileRef = AE035BAF0664E7DC94AFD77F /* ToolSettingsPopover.swift */; };
		114AD1A2B9668044DDDAFD7E /* EraserSettingsPopover.swift in Sources */ = {isa = PBXBuildFile; fileRef = 56B5973EB0C19F379FCC7F2D /* EraserSettingsPopover.swift */; };
		11E74EB9CAA26F3776EE774D /* CourseRepository.swift in Sources */ = {isa = PBXBuildFile; fileRef = 9BD8763733BAAB023C8D2CFF /* CourseRepository.swift */; };
		15A4D41DC0FC74C073BB398D /* HandwritingTranscriptionService.swift in Sources */ = {isa = PBXBuildFile; fileRef = 1B631BDD9B4ADCB364AEFA27 /* HandwritingTranscriptionService.swift */; };
		DC31B62573F444088AECABB8 /* TutorEvaluationService.swift */ = {isa = PBXFileReference; lastKnownFileType = sourcecode.swift; path = TutorEvaluationService.swift; sourceTree = "<group>"; };
		642BAEA75512457AA28EED5F /* TutorEvaluationService.swift in Sources */ = {isa = PBXBuildFile; fileRef = DC31B62573F444088AECABB8 /* TutorEvaluationService.swift */; };
		17B5127CBE0FA6E9B9EEF6E3 /* GoogleIcon.swift in Sources */ = {isa = PBXBuildFile; fileRef = 3E71983B4F8D2BEC3910A45E /* GoogleIcon.swift */; };
		1851666EDD5700E210B5FE9F /* RulerOverlayView.swift in Sources */ = {isa = PBXBuildFile; fileRef = 029895EBF64BA43E3B438CBE /* RulerOverlayView.swift */; };
		1BAD8BD9673755ECB28CD6EC /* ProfileDropdownMenu.swift in Sources */ = {isa = PBXBuildFile; fileRef = 3CF315A5A3CD60C6CBCD997E /* ProfileDropdownMenu.swift */; };
		1CD940BDAAA73DF5DBAC6BD7 /* CalculatorButton.swift in Sources */ = {isa = PBXBuildFile; fileRef = 5006AD62B11F04E58C37C5FA /* CalculatorButton.swift */; };
		22657CCF5B44EF6A1C62E8E4 /* CanvasStorageService.swift in Sources */ = {isa = PBXBuildFile; fileRef = 64BCA06641FCCA06780192E3 /* CanvasStorageService.swift */; };
		232480B1789C9A7D63D7328C /* ReefAnimations.swift in Sources */ = {isa = PBXBuildFile; fileRef = 7CEA0E601A77E71794D928EC /* ReefAnimations.swift */; };
		23789E8F1C5423718DCCCB50 /* EditCoursePopup.swift in Sources */ = {isa = PBXBuildFile; fileRef = 634D3EA1C3292511D10D5A3B /* EditCoursePopup.swift */; };
		264E02C174CBEA25D4CDAA6F /* SettingsView.swift in Sources */ = {isa = PBXBuildFile; fileRef = C7BA9314A24B8096266704FC /* SettingsView.swift */; };
		28A397776DD5B1EF7FE50E20 /* AuthView.swift in Sources */ = {isa = PBXBuildFile; fileRef = A2B027C742233E2E12B4D878 /* AuthView.swift */; };
		2A40300E9C4B709C9AFC533D /* DocumentThumbnailView.swift in Sources */ = {isa = PBXBuildFile; fileRef = 00F5231E0BAD269B72BDD192 /* DocumentThumbnailView.swift */; };
		2CC87F65EE2ADFD1469F2D70 /* SettingsPrivacyTab.swift in Sources */ = {isa = PBXBuildFile; fileRef = D65E5B2475B1D79FC1BD67A9 /* SettingsPrivacyTab.swift */; };
		2EFB43E2CA0AB0BE4E1DE990 /* ReefToggle.swift in Sources */ = {isa = PBXBuildFile; fileRef = D48CB131D0094A90A7F59F86 /* ReefToggle.swift */; };
		363D0A041F425FBA2FA20E54 /* UserSettings.swift in Sources */ = {isa = PBXBuildFile; fileRef = B73E376CEC2A475E18923446 /* UserSettings.swift */; };
		38D8F1790EA122FFF3657ACE /* AuthRepository.swift in Sources */ = {isa = PBXBuildFile; fileRef = AC62F2B8191E199AABE2EE03 /* AuthRepository.swift */; };
		3AB12E1475C678FB8E72B364 /* RenamePopup.swift in Sources */ = {isa = PBXBuildFile; fileRef = 034DDA05CA3DE5AEE460DA72 /* RenamePopup.swift */; };
		3B30B4E60D151D06EA7F80B6 /* ReefTypography.swift in Sources */ = {isa = PBXBuildFile; fileRef = 9D9EC70DF58FA661881CDFA4 /* ReefTypography.swift */; };
		449DDE8B3A75A2C2EA2CC125 /* WifiMonitor.swift in Sources */ = {isa = PBXBuildFile; fileRef = F09B04CD69D0B940054A668D /* WifiMonitor.swift */; };
		141309C544FF40AC81F0952A /* SpeechRecognitionService.swift */ = {isa = PBXFileReference; lastKnownFileType = sourcecode.swift; path = SpeechRecognitionService.swift; sourceTree = "<group>"; };
		37FD0BFDC9B74FE5980E4161 /* SpeechRecognitionService.swift in Sources */ = {isa = PBXBuildFile; fileRef = 141309C544FF40AC81F0952A /* SpeechRecognitionService.swift */; };
		45F363DF571A655205111912 /* PageOverlayView.swift in Sources */ = {isa = PBXBuildFile; fileRef = 1157F7573EC1A88B62D162BE /* PageOverlayView.swift */; };
		49833BF79D795B399EBB53AB /* CourseDTO.swift in Sources */ = {isa = PBXBuildFile; fileRef = 7986E18245D3EB0F3C303539 /* CourseDTO.swift */; };
		4B96F0FF0CCB884CF1F20FC9 /* SettingsAboutTab.swift in Sources */ = {isa = PBXBuildFile; fileRef = 1EF3648670B8144192819600 /* SettingsAboutTab.swift */; };
		522AC474D3D71362DDF04CA6 /* AnswerKey.swift in Sources */ = {isa = PBXBuildFile; fileRef = A5BB319AF6A63003068A3D85 /* AnswerKey.swift */; };
		53E8218CC2121793969853CC /* DocumentsContentView.swift in Sources */ = {isa = PBXBuildFile; fileRef = 0C94BB916726F14B8F18816A /* DocumentsContentView.swift */; };
		5764F13B61C5FBD9B17D28DD /* Supabase in Frameworks */ = {isa = PBXBuildFile; productRef = ECE996E3DB8403B5ED787530 /* Supabase */; };
		587307EEB61A1B44D026F82E /* DetailsPopup.swift in Sources */ = {isa = PBXBuildFile; fileRef = E93614328445674032CC85E8 /* DetailsPopup.swift */; };
		5969F8911F96686594A54AB5 /* AuthFlowTests.swift in Sources */ = {isa = PBXBuildFile; fileRef = 1CDCFE49DE81342DD005D2CB /* AuthFlowTests.swift */; };
		59E51EB69B9786DCF5E3201F /* KaTeX in Resources */ = {isa = PBXBuildFile; fileRef = 1FBAAC77F6282CB6C717830B /* KaTeX */; };
		59FE6408C5BFF7FF0255B5FF /* CoursesViewModel.swift in Sources */ = {isa = PBXBuildFile; fileRef = 87EC19536891CBB9AFED3E07 /* CoursesViewModel.swift */; };
		5AC35EBDA8FAD1368CDF6500 /* MoveToCoursePopup.swift in Sources */ = {isa = PBXBuildFile; fileRef = 0656F4CAEF8F47621008C153 /* MoveToCoursePopup.swift */; };
		5AF7C170E44057E00878FD76 /* CanvasToolbarButton.swift in Sources */ = {isa = PBXBuildFile; fileRef = EFBBEAD892750705B8D86501 /* CanvasToolbarButton.swift */; };
		5BC086AEA978BDB34E39257A /* UsageStats.swift in Sources */ = {isa = PBXBuildFile; fileRef = 2EAA320FF00304DED13687F5 /* UsageStats.swift */; };
		615F9694912D6F9F38026BBE /* DocumentUploadPopup.swift in Sources */ = {isa = PBXBuildFile; fileRef = 0D888C15CDBA6006BA616096 /* DocumentUploadPopup.swift */; };
		616DA14DB392B614F530E097 /* ExportPreviewView.swift in Sources */ = {isa = PBXBuildFile; fileRef = 16E7D8D9AB1CD2E1E50122E0 /* ExportPreviewView.swift */; };
		662978BA8DCB0ACB38E3AF1A /* SupabaseConfig.swift in Sources */ = {isa = PBXBuildFile; fileRef = F59C552181409C88B428D62E /* SupabaseConfig.swift */; };
		681E95C14DCD1F7E4AB35359 /* ProfileDTO.swift in Sources */ = {isa = PBXBuildFile; fileRef = A37FCABDB72CEC9F68DABAD5 /* ProfileDTO.swift */; };
		69A036D6A98AB8DEE63C7869 /* Course.swift in Sources */ = {isa = PBXBuildFile; fileRef = 953D541D3BCC2DE8B8F073C0 /* Course.swift */; };
		6A2431650F553626C581166E /* UsageStatsRepository.swift in Sources */ = {isa = PBXBuildFile; fileRef = BF4462366B99764910AD0BD6 /* UsageStatsRepository.swift */; };
		6C5700CB44FD42221F3CD012 /* ReefDivider.swift in Sources */ = {isa = PBXBuildFile; fileRef = E03E18AE30F94DABABC0A0BF /* ReefDivider.swift */; };
		6C646D8535CDF848CF5584FE /* DashboardViewModel.swift in Sources */ = {isa = PBXBuildFile; fileRef = E5F643CA708229A01CC148AD /* DashboardViewModel.swift */; };
		6C675E5E89D57179BFB187A9 /* SupabaseAuthRepository.swift in Sources */ = {isa = PBXBuildFile; fileRef = 1F41D639645507DBBDB28D2A /* SupabaseAuthRepository.swift */; };
		76A8988661446D7758B30EFE /* DocumentEmptyStateView.swift in Sources */ = {isa = PBXBuildFile; fileRef = D98DEB59ABD1162317518CE4 /* DocumentEmptyStateView.swift */; };
		787E897ECB403C48F3AEF26B /* ReefLayoutMetrics.swift in Sources */ = {isa = PBXBuildFile; fileRef = FADDF42D81B0209677FA4A36 /* ReefLayoutMetrics.swift */; };
		7CCA7D791B4FFFB255020A58 /* SettingsAccountTab.swift in Sources */ = {isa = PBXBuildFile; fileRef = C4F79381500047B6B71EDE6D /* SettingsAccountTab.swift */; };
		7DCCDF72A73BD081FC3620CD /* ShimmerOverlay.swift in Sources */ = {isa = PBXBuildFile; fileRef = 06656EEC01684E7F12A1F036 /* ShimmerOverlay.swift */; };
		81048E4F637D35FB5264D6AD /* CanvasViewModel.swift in Sources */ = {isa = PBXBuildFile; fileRef = 9E2BB1B2191FC479DE667369 /* CanvasViewModel.swift */; };
		824A47A5769DBE95DA84EDA0 /* DrawingManager.swift in Sources */ = {isa = PBXBuildFile; fileRef = B3B1232D44FD87C498A92B57 /* DrawingManager.swift */; };
		860EF2349412D2588706ADD3 /* SettingsPreferencesTab.swift in Sources */ = {isa = PBXBuildFile; fileRef = F18769193DCBDAB952D2EB46 /* SettingsPreferencesTab.swift */; };
		86C48AE599F618C06636F0BD /* GoogleSignIn in Frameworks */ = {isa = PBXBuildFile; productRef = 8A0AD6F5B9C938C549CBDA7E /* GoogleSignIn */; };
		876927BA65FC6E72AB15DA7C /* ProfileRepository.swift in Sources */ = {isa = PBXBuildFile; fileRef = 8342C69F3700A9310BE6514E /* ProfileRepository.swift */; };
		89AECE16EA6F37FBDBD3B0E3 /* DocumentCardView.swift in Sources */ = {isa = PBXBuildFile; fileRef = EAAF394687706496B518638E /* DocumentCardView.swift */; };
		8BAFDDD832027A77304D968D /* CanvasTool.swift in Sources */ = {isa = PBXBuildFile; fileRef = 5293FD272F3F0317EA3DDA9D /* CanvasTool.swift */; };
		8CCABBE6803C7904942D1699 /* CalculatorEngine.swift in Sources */ = {isa = PBXBuildFile; fileRef = 1EABCAE9AC6CDFAB155B57D4 /* CalculatorEngine.swift */; };
		8FBC63CDB5CCDF7B75172271 /* PageSettingsPopover.swift in Sources */ = {isa = PBXBuildFile; fileRef = 049829935475A647A03F8EC0 /* PageSettingsPopover.swift */; };
		903339E4247C9C8EBCE24624 /* KaTeXView.swift in Sources */ = {isa = PBXBuildFile; fileRef = D4769DBB9758DDBC41716E4E /* KaTeXView.swift */; };
		90B58BB88071D49268A953F9 /* ReefApp.swift in Sources */ = {isa = PBXBuildFile; fileRef = 20B9D25AC3198EC21D837140 /* ReefApp.swift */; };
		916287CF30C7FC567AF4EFB1 /* CanvasDocumentData.swift in Sources */ = {isa = PBXBuildFile; fileRef = 7960E8B43CA0F0FEE04F0BA4 /* CanvasDocumentData.swift */; };
		9194FF7BADA783FB58CC4EC8 /* DocumentRepository.swift in Sources */ = {isa = PBXBuildFile; fileRef = 16BBC645292B51A009BA92AD /* DocumentRepository.swift */; };
		924AD60F9C29C7A8AF240E2E /* AuthViewModel.swift in Sources */ = {isa = PBXBuildFile; fileRef = 2589F18A50DC9C05FCF0FC6C /* AuthViewModel.swift */; };
		938D930E08B51274E37BA7FE /* CalculatorViewModel.swift in Sources */ = {isa = PBXBuildFile; fileRef = 0017740C4265A5FFE7E4A242 /* CalculatorViewModel.swift */; };
		962BA3E0294280C38864F0D0 /* DraggableCard.swift in Sources */ = {isa = PBXBuildFile; fileRef = 710438B44E81F30B67C50D57 /* DraggableCard.swift */; };
		A2FB1E5EF29C311BD2D405C3 /* SupabaseCourseRepository.swift in Sources */ = {isa = PBXBuildFile; fileRef = B2CE269C9A92C93FAF390C74 /* SupabaseCourseRepository.swift */; };
		A560DB781FB3A50870D1E4B8 /* DocumentDTO.swift in Sources */ = {isa = PBXBuildFile; fileRef = C13554774B4CA9AB051AD846 /* DocumentDTO.swift */; };
		AA05AFDBEDDDAD2386BA427E /* CalculatorView.swift in Sources */ = {isa = PBXBuildFile; fileRef = AA4E4DF12E800E23429317A7 /* CalculatorView.swift */; };
		B1342C3D4467A24E496A2705 /* AuthenticationServices.framework in Frameworks */ = {isa = PBXBuildFile; fileRef = 2FBE66A9E92A7CCD7A95310A /* AuthenticationServices.framework */; };
		B26F3491C9BD243B4E65D766 /* MockCanvasData.swift in Sources */ = {isa = PBXBuildFile; fileRef = 81FBD2D3EFA3FA4A72ACA0F3 /* MockCanvasData.swift */; };
		B2BDFCF83E6EC8C87F30B67B /* SupabaseUsageStatsRepository.swift in Sources */ = {isa = PBXBuildFile; fileRef = 8A01A72D1889843ADC7EACB3 /* SupabaseUsageStatsRepository.swift */; };
		B6769F658882D3655D4DF665 /* CanvasView.swift in Sources */ = {isa = PBXBuildFile; fileRef = 458089D68B25E880C7F9E0C3 /* CanvasView.swift */; };
		C1D2E3F4A5B6C7D8E9F0A1B2 /* CanvasLoadingView.swift in Sources */ = {isa = PBXBuildFile; fileRef = A1B2C3D4E5F6A7B8C9D0E1F2 /* CanvasLoadingView.swift */; };
		B810EB60F5595D898E981F20 /* NotificationDropdownTests.swift in Sources */ = {isa = PBXBuildFile; fileRef = DC4689C58CCB86B7C32D03AA /* NotificationDropdownTests.swift */; };
		B8CD553E58BC1E97CB314D85 /* DeleteCoursePopup.swift in Sources */ = {isa = PBXBuildFile; fileRef = DFD4957A8822E66C3898DFD6 /* DeleteCoursePopup.swift */; };
		B9285897F3873C770BF858E7 /* CanvasSidebarView.swift in Sources */ = {isa = PBXBuildFile; fileRef = 85288EB05437D44A3FEC547F /* CanvasSidebarView.swift */; };
		BA0D8850AA60F67BD31A9008 /* DocumentsViewModel.swift in Sources */ = {isa = PBXBuildFile; fileRef = 2A80790E56F45AD11C42C6AE /* DocumentsViewModel.swift */; };
		BA13FB6B1A663195074470FE /* ReefBadge.swift in Sources */ = {isa = PBXBuildFile; fileRef = 7EC89D92C9819BFC2E70F4BD /* ReefBadge.swift */; };
		BD86A46358438D7E29C4251F /* SettingsProfileTab.swift in Sources */ = {isa = PBXBuildFile; fileRef = 540FA017DB5B558F980C778C /* SettingsProfileTab.swift */; };
		BDEF8CB0B1BDF475A9B404C0 /* Document.swift in Sources */ = {isa = PBXBuildFile; fileRef = 67343B23E7351C02A36771E0 /* Document.swift */; };
		BE34AD54F16F85B938302FE7 /* Assets.xcassets in Resources */ = {isa = PBXBuildFile; fileRef = 3F68AC1C3432E326DB646676 /* Assets.xcassets */; };
		C1054E0C1419242A566A1EA9 /* PopoverCard.swift in Sources */ = {isa = PBXBuildFile; fileRef = 3FF40F4A25F5204FEDAF3FC4 /* PopoverCard.swift */; };
		C2282EFF92805C99DFB9EB65 /* TutorRevealCard.swift in Sources */ = {isa = PBXBuildFile; fileRef = 675863D5C0BC2BCF0D2688B6 /* TutorRevealCard.swift */; };
		CC5E34E6955F3B11D1F9EAEE /* SupabaseDocumentRepository.swift in Sources */ = {isa = PBXBuildFile; fileRef = DE0F1AFE64D2E5F951871142 /* SupabaseDocumentRepository.swift */; };
		CDE7FCB4A7A95CA3F7018D5D /* DashboardTab.swift in Sources */ = {isa = PBXBuildFile; fileRef = B313CACE22D5819885170769 /* DashboardTab.swift */; };
		CE1CEFE6CF36DA785BB586EA /* Profile.swift in Sources */ = {isa = PBXBuildFile; fileRef = AADCC5EDF667251F329B6F2A /* Profile.swift */; };
		D02A375FA6515DB534171C08 /* TutorHintPopover.swift in Sources */ = {isa = PBXBuildFile; fileRef = A187D2FEFCCCE67BF83BA0A4 /* TutorHintPopover.swift */; };
		D03FA7FFE2014624EFF77984 /* ReefButton.swift in Sources */ = {isa = PBXBuildFile; fileRef = 4E7B4C0ECBC8C19B3047E375 /* ReefButton.swift */; };
		D04CF7B3F8B8B36872F18F99 /* DeleteConfirmPopup.swift in Sources */ = {isa = PBXBuildFile; fileRef = 6B1625043D9BE3B466B4EF85 /* DeleteConfirmPopup.swift */; };
		D2A232A617B5D22378A2ED14 /* CanvasExportService.swift in Sources */ = {isa = PBXBuildFile; fileRef = 2488E4B45293319F3C207810 /* CanvasExportService.swift */; };
		D2CEE2BCCA50F64C9096468E /* DocumentSkeletonView.swift in Sources */ = {isa = PBXBuildFile; fileRef = 88C0707187B735021AB1D0D9 /* DocumentSkeletonView.swift */; };
		D440C1F64F4138D89CE9DD4A /* CanvasInfoStrip.swift in Sources */ = {isa = PBXBuildFile; fileRef = C58ADFDC5DF429F967351DB7 /* CanvasInfoStrip.swift */; };
		D4997C4B4B12928F5989D97B /* ComingSoonView.swift in Sources */ = {isa = PBXBuildFile; fileRef = D608FF89234404A5B5DDC266 /* ComingSoonView.swift */; };
		D59B49AF47DF7C49B0713D9D /* Reef3DSlider.swift in Sources */ = {isa = PBXBuildFile; fileRef = E433D80D018772EA5F6029B0 /* Reef3DSlider.swift */; };
		D607BA3609664BB25C5BBCC6 /* DashboardNavigationTests.swift in Sources */ = {isa = PBXBuildFile; fileRef = AA931CB0705B21CA88CF4BE6 /* DashboardNavigationTests.swift */; };
		D664AF2F23E294623E3637E3 /* CalculatorHistoryView.swift in Sources */ = {isa = PBXBuildFile; fileRef = A5F2D019882BDFA54D431F92 /* CalculatorHistoryView.swift */; };
		D9EB8781EF594AE0B76076D6 /* QuestionRegionTracker.swift in Sources */ = {isa = PBXBuildFile; fileRef = 31E963723E19073830F29D78 /* QuestionRegionTracker.swift */; };
		DCF7737C0F05DBF497C4B26C /* SupabaseAnswerKeyRepository.swift in Sources */ = {isa = PBXBuildFile; fileRef = 58730458CA6F0DE1DCF18A8E /* SupabaseAnswerKeyRepository.swift */; };
		DE00728ECAC1B16052739324 /* CanvasPageView.swift in Sources */ = {isa = PBXBuildFile; fileRef = 49CF42663E725256191900B2 /* CanvasPageView.swift */; };
		E0121FA37C4E016A0BEE7233 /* DottedBackground.swift in Sources */ = {isa = PBXBuildFile; fileRef = 21872AA207AEEC6F2397B9F4 /* DottedBackground.swift */; };
		E14DAD60A5888D8471C9133D /* TierLimits.swift in Sources */ = {isa = PBXBuildFile; fileRef = F962193EFD8BFBB8449D0469 /* TierLimits.swift */; };
		E1A5CA31A4B76C02FE2353A6 /* Fonts in Resources */ = {isa = PBXBuildFile; fileRef = 8EDF913D03056A3B1DFF5DD0 /* Fonts */; };
		E2B634109AD03371C1340E96 /* CourseConstants.swift in Sources */ = {isa = PBXBuildFile; fileRef = C21A0A6D563AB3FCDA3DB742 /* CourseConstants.swift */; };
		E3351CF1B2B16F16FCBAB5C3 /* AnalyticsView.swift in Sources */ = {isa = PBXBuildFile; fileRef = 9ED132B34EEF03AF5A9672ED /* AnalyticsView.swift */; };
		E604A66F4CD6A3BCF6F53BC8 /* AddCoursePopup.swift in Sources */ = {isa = PBXBuildFile; fileRef = 52CD364038E9412CE2BF892A /* AddCoursePopup.swift */; };
		E6DD16240CF1B56A193E21F4 /* MathText.swift in Sources */ = {isa = PBXBuildFile; fileRef = 09281299BE4A3431EB4BEA5A /* MathText.swift */; };
		CF7CF010C0824C8087F5DB98 /* LaTeXToUnicode.swift */ = {isa = PBXFileReference; lastKnownFileType = sourcecode.swift; path = LaTeXToUnicode.swift; sourceTree = "<group>"; };
		1CB456FFE88241459BDD2565 /* LaTeXToUnicode.swift in Sources */ = {isa = PBXBuildFile; fileRef = CF7CF010C0824C8087F5DB98 /* LaTeXToUnicode.swift */; };
		E8EF8F87EAA7D28D7CF363C3 /* PageMenuPopover.swift in Sources */ = {isa = PBXBuildFile; fileRef = DC9968FBE0F62787857FD813 /* PageMenuPopover.swift */; };
		EC0F257D22B993428D5A5FF3 /* SettingsComponents.swift in Sources */ = {isa = PBXBuildFile; fileRef = 3782C601D52EF8D22F19E789 /* SettingsComponents.swift */; };
		EC58CCE1237EC4F39BA5A4E8 /* AppRouter.swift in Sources */ = {isa = PBXBuildFile; fileRef = 8F363767C6C99DEC96663F36 /* AppRouter.swift */; };
		ED3D7199323CA782DA71B5A2 /* AddColorPopup.swift in Sources */ = {isa = PBXBuildFile; fileRef = 1453C18E7538070E48493719 /* AddColorPopup.swift */; };
		09F8C453B4C743A2BC15B0F0 /* BugReportPopup.swift */ = {isa = PBXFileReference; lastKnownFileType = sourcecode.swift; path = BugReportPopup.swift; sourceTree = "<group>"; };
		CFDAF646BDC14E8F9404FE60 /* BugReportPopup.swift in Sources */ = {isa = PBXBuildFile; fileRef = 09F8C453B4C743A2BC15B0F0 /* BugReportPopup.swift */; };
		EE0C09594C59B498107EE5A9 /* CourseContentView.swift in Sources */ = {isa = PBXBuildFile; fileRef = 9AA80694B42F69DE6BB00C5F /* CourseContentView.swift */; };
		F2568A6213CDA2E61E2CCE92 /* ReefCard.swift in Sources */ = {isa = PBXBuildFile; fileRef = 982248BAE2D4A7F5BE47B8D8 /* ReefCard.swift */; };
		F318C137C0FE80E01717FD90 /* ReefTheme.swift in Sources */ = {isa = PBXBuildFile; fileRef = 00BCE4900CD1562F72FAC77A /* ReefTheme.swift */; };
		F485DD27CAB43B9B7FB32B36 /* ReefUITestCase.swift in Sources */ = {isa = PBXBuildFile; fileRef = 29B48811F63C33857241E52D /* ReefUITestCase.swift */; };
		F5DD1BC1EFC10CD8E368CC81 /* DashboardHeader.swift in Sources */ = {isa = PBXBuildFile; fileRef = F5F6BA74028EDA58067FF47C /* DashboardHeader.swift */; };
		F89AFF1A6BAE7356534BD758 /* TutorHintCard.swift in Sources */ = {isa = PBXBuildFile; fileRef = A49104137905EEABC8CE3056 /* TutorHintCard.swift */; };
		F979B442814B7471F31DCA1B /* AppleSignInCoordinator.swift in Sources */ = {isa = PBXBuildFile; fileRef = B3B14B10AB75BC4F714166B0 /* AppleSignInCoordinator.swift */; };
		FC2A3704CF2F9C01A9965208 /* CanvasContainerView.swift in Sources */ = {isa = PBXBuildFile; fileRef = D489D93195D1EB0460BB6162 /* CanvasContainerView.swift */; };
		FDD5BDA76B374BE31525ABF1 /* DashboardSidebar.swift in Sources */ = {isa = PBXBuildFile; fileRef = 4742404ABF6C1505BEE9BA09 /* DashboardSidebar.swift */; };
		58FCEF9E57E442868352F487 /* OnboardingModels.swift in Sources */ = {isa = PBXBuildFile; fileRef = 0735F0FE85324132A0F98FA5 /* OnboardingModels.swift */; };
		06CC0DA30B464DFE9398A4C3 /* OnboardingViewModel.swift in Sources */ = {isa = PBXBuildFile; fileRef = A689A2FC4B774D8EBFAE66E5 /* OnboardingViewModel.swift */; };
		768D7E8C855046409B33F28E /* OnboardingFlowView.swift in Sources */ = {isa = PBXBuildFile; fileRef = 09104388F06246178AB1A4A1 /* OnboardingFlowView.swift */; };
		97F14D41F225480D8C1358EA /* OnboardingProgressBar.swift in Sources */ = {isa = PBXBuildFile; fileRef = 39622361D80C4B58A2BE8C07 /* OnboardingProgressBar.swift */; };
		33857DDBD714465280DE9806 /* OnboardingStepShell.swift in Sources */ = {isa = PBXBuildFile; fileRef = 6041CD52A359487BB35EDE2B /* OnboardingStepShell.swift */; };
		88261862F4374BCD9749864D /* OnboardingOption.swift in Sources */ = {isa = PBXBuildFile; fileRef = 00057DD4F29743959369E2AB /* OnboardingOption.swift */; };
		73DF632D0D0E4312B2B5E1E1 /* OnboardingPill.swift in Sources */ = {isa = PBXBuildFile; fileRef = 38C1DBEA81114C1697EAED41 /* OnboardingPill.swift */; };
		FB66821CD81E4877A1602231 /* OnboardingFlowLayout.swift in Sources */ = {isa = PBXBuildFile; fileRef = CB44D3A43ED24B23A0F7161A /* OnboardingFlowLayout.swift */; };
		CFE863F86BB74AA0A75920DA /* SocialProofBanner.swift in Sources */ = {isa = PBXBuildFile; fileRef = D154202623CB4E49B29A6415 /* SocialProofBanner.swift */; };
		B2394F1540DF478185F430D3 /* WelcomeStep.swift in Sources */ = {isa = PBXBuildFile; fileRef = 3BEA2C80C32140C29EB0BBC7 /* WelcomeStep.swift */; };
		C09F218084484F6B95DEE087 /* StudentTypeStep.swift in Sources */ = {isa = PBXBuildFile; fileRef = 2F712B3486F14903AAC6F4E4 /* StudentTypeStep.swift */; };
		CA85653528FD414FBC2A9CEC /* MajorStep.swift in Sources */ = {isa = PBXBuildFile; fileRef = 169951DDC8764402B0204171 /* MajorStep.swift */; };
		5EAB58DCAB5244DE9F7640E5 /* CoursesStep.swift in Sources */ = {isa = PBXBuildFile; fileRef = 22F9A5D44C9C4E30B231CD2E /* CoursesStep.swift */; };
		C58E28CE87D947548F593F33 /* FavoriteTopicStep.swift in Sources */ = {isa = PBXBuildFile; fileRef = BE192E92681145CAA27C8757 /* FavoriteTopicStep.swift */; };
		AB9B2B2AD90A420B93CD6E1C /* StudyGoalStep.swift in Sources */ = {isa = PBXBuildFile; fileRef = BACB7DE625BB4EE5B448DC04 /* StudyGoalStep.swift */; };
		DA1455DD53624FC8B4F051B2 /* GoalValidationStep.swift in Sources */ = {isa = PBXBuildFile; fileRef = FDC6DC7E5387432388F805A1 /* GoalValidationStep.swift */; };
		F9B52FAC5690450FABD01AE2 /* PainPointsStep.swift in Sources */ = {isa = PBXBuildFile; fileRef = 4AF176F6C2B94FBAAA1528B8 /* PainPointsStep.swift */; };
		50375EACE232480FA9F8FB8C /* LearningStyleStep.swift in Sources */ = {isa = PBXBuildFile; fileRef = 44F860CAD4FE4B39AA609809 /* LearningStyleStep.swift */; };
		7C1C3C78C0564174BDD53D61 /* DailyGoalStep.swift in Sources */ = {isa = PBXBuildFile; fileRef = 4F774E766B414690BD253D41 /* DailyGoalStep.swift */; };
		F1B5B15693704944B21E7C76 /* TutorDemoStep.swift in Sources */ = {isa = PBXBuildFile; fileRef = 34C494C1A34141F2888EABD6 /* TutorDemoStep.swift */; };
		938BAAC783F744899C8CB423 /* GeneratingPlanStep.swift in Sources */ = {isa = PBXBuildFile; fileRef = 9F28051EC79A4A01875EB025 /* GeneratingPlanStep.swift */; };
		6BD23C2954D4415FA1FED7DD /* PlanPreviewStep.swift in Sources */ = {isa = PBXBuildFile; fileRef = 51B7BDCB83B0461C900A463F /* PlanPreviewStep.swift */; };
		92E9598A7CF74987B94AE9E1 /* SignUpStep.swift in Sources */ = {isa = PBXBuildFile; fileRef = 0D5C439333D4481FAEB0471E /* SignUpStep.swift */; };
		F97CEE9B646C4C56850EA1B7 /* PaywallStep.swift in Sources */ = {isa = PBXBuildFile; fileRef = 74EFB0776F4149E9B55DCA54 /* PaywallStep.swift */; };
		8F48D2ADC5844F77B4D042CD /* ReferralStep.swift in Sources */ = {isa = PBXBuildFile; fileRef = B6B2344E9C2345589D3B8798 /* ReferralStep.swift */; };
		D9A808B48FB248C789A57472 /* OnboardingBackground.swift in Sources */ = {isa = PBXBuildFile; fileRef = CED289FC211B4BDF8C779DBD /* OnboardingBackground.swift */; };
		DEB0470796C7434C9A023B13 /* DemoProblemService.swift in Sources */ = {isa = PBXBuildFile; fileRef = 84F2DDD292AF4AD8A36C16EC /* DemoProblemService.swift */; };
		C2544AF066DC4E6185AEAEEC /* TutorDemoOverlay.swift in Sources */ = {isa = PBXBuildFile; fileRef = 21E2B7DF2A5A4A0497A379D7 /* TutorDemoOverlay.swift */; };
		88368114FB2549AB95BE4FC5 /* CanvasWalkthrough.swift in Sources */ = {isa = PBXBuildFile; fileRef = 1B02A614D768401AA2184269 /* CanvasWalkthrough.swift */; };
		F845158158DB4B5BAEA76324 /* WalkthroughPopup.swift in Sources */ = {isa = PBXBuildFile; fileRef = E1EE16A89B62411783295F80 /* WalkthroughPopup.swift */; };
		A1B2C3D4E5F647890ABC1234 /* WalkthroughGlow.swift in Sources */ = {isa = PBXBuildFile; fileRef = D4E5F6A7B8C940D1E2F30ABC /* WalkthroughGlow.swift */; };
/* End PBXBuildFile section */

/* Begin PBXContainerItemProxy section */
		C00069AAB404CA35B434447D /* PBXContainerItemProxy */ = {
			isa = PBXContainerItemProxy;
			containerPortal = B117C27BD747E2170882ECBA /* Project object */;
			proxyType = 1;
			remoteGlobalIDString = D7F066D58D043CAD0E116B49;
			remoteInfo = Reef;
		};
/* End PBXContainerItemProxy section */

/* Begin PBXFileReference section */
		0017740C4265A5FFE7E4A242 /* CalculatorViewModel.swift */ = {isa = PBXFileReference; lastKnownFileType = sourcecode.swift; path = CalculatorViewModel.swift; sourceTree = "<group>"; };
		00BCE4900CD1562F72FAC77A /* ReefTheme.swift */ = {isa = PBXFileReference; lastKnownFileType = sourcecode.swift; path = ReefTheme.swift; sourceTree = "<group>"; };
		00F5231E0BAD269B72BDD192 /* DocumentThumbnailView.swift */ = {isa = PBXFileReference; lastKnownFileType = sourcecode.swift; path = DocumentThumbnailView.swift; sourceTree = "<group>"; };
		029895EBF64BA43E3B438CBE /* RulerOverlayView.swift */ = {isa = PBXFileReference; lastKnownFileType = sourcecode.swift; path = RulerOverlayView.swift; sourceTree = "<group>"; };
		034DDA05CA3DE5AEE460DA72 /* RenamePopup.swift */ = {isa = PBXFileReference; lastKnownFileType = sourcecode.swift; path = RenamePopup.swift; sourceTree = "<group>"; };
		049829935475A647A03F8EC0 /* PageSettingsPopover.swift */ = {isa = PBXFileReference; lastKnownFileType = sourcecode.swift; path = PageSettingsPopover.swift; sourceTree = "<group>"; };
		0656F4CAEF8F47621008C153 /* MoveToCoursePopup.swift */ = {isa = PBXFileReference; lastKnownFileType = sourcecode.swift; path = MoveToCoursePopup.swift; sourceTree = "<group>"; };
		06656EEC01684E7F12A1F036 /* ShimmerOverlay.swift */ = {isa = PBXFileReference; lastKnownFileType = sourcecode.swift; path = ShimmerOverlay.swift; sourceTree = "<group>"; };
		09281299BE4A3431EB4BEA5A /* MathText.swift */ = {isa = PBXFileReference; lastKnownFileType = sourcecode.swift; path = MathText.swift; sourceTree = "<group>"; };
		0C94BB916726F14B8F18816A /* DocumentsContentView.swift */ = {isa = PBXFileReference; lastKnownFileType = sourcecode.swift; path = DocumentsContentView.swift; sourceTree = "<group>"; };
		0D32EA1898AEB34154A55CD5 /* ReefUITests.xctest */ = {isa = PBXFileReference; includeInIndex = 0; lastKnownFileType = wrapper.cfbundle; path = ReefUITests.xctest; sourceTree = BUILT_PRODUCTS_DIR; };
		0D888C15CDBA6006BA616096 /* DocumentUploadPopup.swift */ = {isa = PBXFileReference; lastKnownFileType = sourcecode.swift; path = DocumentUploadPopup.swift; sourceTree = "<group>"; };
		1157F7573EC1A88B62D162BE /* PageOverlayView.swift */ = {isa = PBXFileReference; lastKnownFileType = sourcecode.swift; path = PageOverlayView.swift; sourceTree = "<group>"; };
		1453C18E7538070E48493719 /* AddColorPopup.swift */ = {isa = PBXFileReference; lastKnownFileType = sourcecode.swift; path = AddColorPopup.swift; sourceTree = "<group>"; };
		16BBC645292B51A009BA92AD /* DocumentRepository.swift */ = {isa = PBXFileReference; lastKnownFileType = sourcecode.swift; path = DocumentRepository.swift; sourceTree = "<group>"; };
		16E7D8D9AB1CD2E1E50122E0 /* ExportPreviewView.swift */ = {isa = PBXFileReference; lastKnownFileType = sourcecode.swift; path = ExportPreviewView.swift; sourceTree = "<group>"; };
		1B631BDD9B4ADCB364AEFA27 /* HandwritingTranscriptionService.swift */ = {isa = PBXFileReference; lastKnownFileType = sourcecode.swift; path = HandwritingTranscriptionService.swift; sourceTree = "<group>"; };
		1CDCFE49DE81342DD005D2CB /* AuthFlowTests.swift */ = {isa = PBXFileReference; lastKnownFileType = sourcecode.swift; path = AuthFlowTests.swift; sourceTree = "<group>"; };
		1DF6F897609CDB22C4ABE252 /* ShapeRecognizer.swift */ = {isa = PBXFileReference; lastKnownFileType = sourcecode.swift; path = ShapeRecognizer.swift; sourceTree = "<group>"; };
		1EABCAE9AC6CDFAB155B57D4 /* CalculatorEngine.swift */ = {isa = PBXFileReference; lastKnownFileType = sourcecode.swift; path = CalculatorEngine.swift; sourceTree = "<group>"; };
		1EF3648670B8144192819600 /* SettingsAboutTab.swift */ = {isa = PBXFileReference; lastKnownFileType = sourcecode.swift; path = SettingsAboutTab.swift; sourceTree = "<group>"; };
		1F41D639645507DBBDB28D2A /* SupabaseAuthRepository.swift */ = {isa = PBXFileReference; lastKnownFileType = sourcecode.swift; path = SupabaseAuthRepository.swift; sourceTree = "<group>"; };
		1FBAAC77F6282CB6C717830B /* KaTeX */ = {isa = PBXFileReference; lastKnownFileType = folder; name = KaTeX; path = Reef/Resources/KaTeX; sourceTree = SOURCE_ROOT; };
		20B9D25AC3198EC21D837140 /* ReefApp.swift */ = {isa = PBXFileReference; lastKnownFileType = sourcecode.swift; path = ReefApp.swift; sourceTree = "<group>"; };
		21872AA207AEEC6F2397B9F4 /* DottedBackground.swift */ = {isa = PBXFileReference; lastKnownFileType = sourcecode.swift; path = DottedBackground.swift; sourceTree = "<group>"; };
		2488E4B45293319F3C207810 /* CanvasExportService.swift */ = {isa = PBXFileReference; lastKnownFileType = sourcecode.swift; path = CanvasExportService.swift; sourceTree = "<group>"; };
		2589F18A50DC9C05FCF0FC6C /* AuthViewModel.swift */ = {isa = PBXFileReference; lastKnownFileType = sourcecode.swift; path = AuthViewModel.swift; sourceTree = "<group>"; };
		29B48811F63C33857241E52D /* ReefUITestCase.swift */ = {isa = PBXFileReference; lastKnownFileType = sourcecode.swift; path = ReefUITestCase.swift; sourceTree = "<group>"; };
		2A80790E56F45AD11C42C6AE /* DocumentsViewModel.swift */ = {isa = PBXFileReference; lastKnownFileType = sourcecode.swift; path = DocumentsViewModel.swift; sourceTree = "<group>"; };
		2EAA320FF00304DED13687F5 /* UsageStats.swift */ = {isa = PBXFileReference; lastKnownFileType = sourcecode.swift; path = UsageStats.swift; sourceTree = "<group>"; };
		2ED4E8C569BD35F02677D82C /* DashboardCardModifier.swift */ = {isa = PBXFileReference; lastKnownFileType = sourcecode.swift; path = DashboardCardModifier.swift; sourceTree = "<group>"; };
		2FBE66A9E92A7CCD7A95310A /* AuthenticationServices.framework */ = {isa = PBXFileReference; lastKnownFileType = wrapper.framework; name = AuthenticationServices.framework; path = System/Library/Frameworks/AuthenticationServices.framework; sourceTree = SDKROOT; };
		2FEBC9D0D9B06F74E3F564A1 /* Reef.app */ = {isa = PBXFileReference; includeInIndex = 0; lastKnownFileType = wrapper.application; path = Reef.app; sourceTree = BUILT_PRODUCTS_DIR; };
		31E963723E19073830F29D78 /* QuestionRegionTracker.swift */ = {isa = PBXFileReference; lastKnownFileType = sourcecode.swift; path = QuestionRegionTracker.swift; sourceTree = "<group>"; };
		3205E3BD9FC3234A4F37231A /* PopupShellModifier.swift */ = {isa = PBXFileReference; lastKnownFileType = sourcecode.swift; path = PopupShellModifier.swift; sourceTree = "<group>"; };
		3782C601D52EF8D22F19E789 /* SettingsComponents.swift */ = {isa = PBXFileReference; lastKnownFileType = sourcecode.swift; path = SettingsComponents.swift; sourceTree = "<group>"; };
		3CF315A5A3CD60C6CBCD997E /* ProfileDropdownMenu.swift */ = {isa = PBXFileReference; lastKnownFileType = sourcecode.swift; path = ProfileDropdownMenu.swift; sourceTree = "<group>"; };
		3E71983B4F8D2BEC3910A45E /* GoogleIcon.swift */ = {isa = PBXFileReference; lastKnownFileType = sourcecode.swift; path = GoogleIcon.swift; sourceTree = "<group>"; };
		3F68AC1C3432E326DB646676 /* Assets.xcassets */ = {isa = PBXFileReference; lastKnownFileType = folder.assetcatalog; path = Assets.xcassets; sourceTree = "<group>"; };
		3FF40F4A25F5204FEDAF3FC4 /* PopoverCard.swift */ = {isa = PBXFileReference; lastKnownFileType = sourcecode.swift; path = PopoverCard.swift; sourceTree = "<group>"; };
		458089D68B25E880C7F9E0C3 /* CanvasView.swift */ = {isa = PBXFileReference; lastKnownFileType = sourcecode.swift; path = CanvasView.swift; sourceTree = "<group>"; };
		A1B2C3D4E5F6A7B8C9D0E1F2 /* CanvasLoadingView.swift */ = {isa = PBXFileReference; lastKnownFileType = sourcecode.swift; path = CanvasLoadingView.swift; sourceTree = "<group>"; };
		4742404ABF6C1505BEE9BA09 /* DashboardSidebar.swift */ = {isa = PBXFileReference; lastKnownFileType = sourcecode.swift; path = DashboardSidebar.swift; sourceTree = "<group>"; };
		49CF42663E725256191900B2 /* CanvasPageView.swift */ = {isa = PBXFileReference; lastKnownFileType = sourcecode.swift; path = CanvasPageView.swift; sourceTree = "<group>"; };
		4E7B4C0ECBC8C19B3047E375 /* ReefButton.swift */ = {isa = PBXFileReference; lastKnownFileType = sourcecode.swift; path = ReefButton.swift; sourceTree = "<group>"; };
		5006AD62B11F04E58C37C5FA /* CalculatorButton.swift */ = {isa = PBXFileReference; lastKnownFileType = sourcecode.swift; path = CalculatorButton.swift; sourceTree = "<group>"; };
		5293FD272F3F0317EA3DDA9D /* CanvasTool.swift */ = {isa = PBXFileReference; lastKnownFileType = sourcecode.swift; path = CanvasTool.swift; sourceTree = "<group>"; };
		52CD364038E9412CE2BF892A /* AddCoursePopup.swift */ = {isa = PBXFileReference; lastKnownFileType = sourcecode.swift; path = AddCoursePopup.swift; sourceTree = "<group>"; };
		540FA017DB5B558F980C778C /* SettingsProfileTab.swift */ = {isa = PBXFileReference; lastKnownFileType = sourcecode.swift; path = SettingsProfileTab.swift; sourceTree = "<group>"; };
		56B5973EB0C19F379FCC7F2D /* EraserSettingsPopover.swift */ = {isa = PBXFileReference; lastKnownFileType = sourcecode.swift; path = EraserSettingsPopover.swift; sourceTree = "<group>"; };
		58730458CA6F0DE1DCF18A8E /* SupabaseAnswerKeyRepository.swift */ = {isa = PBXFileReference; lastKnownFileType = sourcecode.swift; path = SupabaseAnswerKeyRepository.swift; sourceTree = "<group>"; };
		634D3EA1C3292511D10D5A3B /* EditCoursePopup.swift */ = {isa = PBXFileReference; lastKnownFileType = sourcecode.swift; path = EditCoursePopup.swift; sourceTree = "<group>"; };
		64BCA06641FCCA06780192E3 /* CanvasStorageService.swift */ = {isa = PBXFileReference; lastKnownFileType = sourcecode.swift; path = CanvasStorageService.swift; sourceTree = "<group>"; };
		67343B23E7351C02A36771E0 /* Document.swift */ = {isa = PBXFileReference; lastKnownFileType = sourcecode.swift; path = Document.swift; sourceTree = "<group>"; };
		675863D5C0BC2BCF0D2688B6 /* TutorRevealCard.swift */ = {isa = PBXFileReference; lastKnownFileType = sourcecode.swift; path = TutorRevealCard.swift; sourceTree = "<group>"; };
		6B1625043D9BE3B466B4EF85 /* DeleteConfirmPopup.swift */ = {isa = PBXFileReference; lastKnownFileType = sourcecode.swift; path = DeleteConfirmPopup.swift; sourceTree = "<group>"; };
		710438B44E81F30B67C50D57 /* DraggableCard.swift */ = {isa = PBXFileReference; lastKnownFileType = sourcecode.swift; path = DraggableCard.swift; sourceTree = "<group>"; };
		7960E8B43CA0F0FEE04F0BA4 /* CanvasDocumentData.swift */ = {isa = PBXFileReference; lastKnownFileType = sourcecode.swift; path = CanvasDocumentData.swift; sourceTree = "<group>"; };
		7986E18245D3EB0F3C303539 /* CourseDTO.swift */ = {isa = PBXFileReference; lastKnownFileType = sourcecode.swift; path = CourseDTO.swift; sourceTree = "<group>"; };
		7CEA0E601A77E71794D928EC /* ReefAnimations.swift */ = {isa = PBXFileReference; lastKnownFileType = sourcecode.swift; path = ReefAnimations.swift; sourceTree = "<group>"; };
		7EC89D92C9819BFC2E70F4BD /* ReefBadge.swift */ = {isa = PBXFileReference; lastKnownFileType = sourcecode.swift; path = ReefBadge.swift; sourceTree = "<group>"; };
		81FBD2D3EFA3FA4A72ACA0F3 /* MockCanvasData.swift */ = {isa = PBXFileReference; lastKnownFileType = sourcecode.swift; path = MockCanvasData.swift; sourceTree = "<group>"; };
		82315CD65E53D1BAD137A91C /* ReefColors.swift */ = {isa = PBXFileReference; lastKnownFileType = sourcecode.swift; path = ReefColors.swift; sourceTree = "<group>"; };
		8342C69F3700A9310BE6514E /* ProfileRepository.swift */ = {isa = PBXFileReference; lastKnownFileType = sourcecode.swift; path = ProfileRepository.swift; sourceTree = "<group>"; };
		837EF10AE734D9E16B28F190 /* ProfileUpdate.swift */ = {isa = PBXFileReference; lastKnownFileType = sourcecode.swift; path = ProfileUpdate.swift; sourceTree = "<group>"; };
		85288EB05437D44A3FEC547F /* CanvasSidebarView.swift */ = {isa = PBXFileReference; lastKnownFileType = sourcecode.swift; path = CanvasSidebarView.swift; sourceTree = "<group>"; };
		87EC19536891CBB9AFED3E07 /* CoursesViewModel.swift */ = {isa = PBXFileReference; lastKnownFileType = sourcecode.swift; path = CoursesViewModel.swift; sourceTree = "<group>"; };
		88C0707187B735021AB1D0D9 /* DocumentSkeletonView.swift */ = {isa = PBXFileReference; lastKnownFileType = sourcecode.swift; path = DocumentSkeletonView.swift; sourceTree = "<group>"; };
		8A01A72D1889843ADC7EACB3 /* SupabaseUsageStatsRepository.swift */ = {isa = PBXFileReference; lastKnownFileType = sourcecode.swift; path = SupabaseUsageStatsRepository.swift; sourceTree = "<group>"; };
		8EDF913D03056A3B1DFF5DD0 /* Fonts */ = {isa = PBXFileReference; lastKnownFileType = folder; name = Fonts; path = Reef/Resources/Fonts; sourceTree = SOURCE_ROOT; };
		8F363767C6C99DEC96663F36 /* AppRouter.swift */ = {isa = PBXFileReference; lastKnownFileType = sourcecode.swift; path = AppRouter.swift; sourceTree = "<group>"; };
		953D541D3BCC2DE8B8F073C0 /* Course.swift */ = {isa = PBXFileReference; lastKnownFileType = sourcecode.swift; path = Course.swift; sourceTree = "<group>"; };
		982248BAE2D4A7F5BE47B8D8 /* ReefCard.swift */ = {isa = PBXFileReference; lastKnownFileType = sourcecode.swift; path = ReefCard.swift; sourceTree = "<group>"; };
		9AA80694B42F69DE6BB00C5F /* CourseContentView.swift */ = {isa = PBXFileReference; lastKnownFileType = sourcecode.swift; path = CourseContentView.swift; sourceTree = "<group>"; };
		9BD8763733BAAB023C8D2CFF /* CourseRepository.swift */ = {isa = PBXFileReference; lastKnownFileType = sourcecode.swift; path = CourseRepository.swift; sourceTree = "<group>"; };
		9D9EC70DF58FA661881CDFA4 /* ReefTypography.swift */ = {isa = PBXFileReference; lastKnownFileType = sourcecode.swift; path = ReefTypography.swift; sourceTree = "<group>"; };
		9E2BB1B2191FC479DE667369 /* CanvasViewModel.swift */ = {isa = PBXFileReference; lastKnownFileType = sourcecode.swift; path = CanvasViewModel.swift; sourceTree = "<group>"; };
		9ED132B34EEF03AF5A9672ED /* AnalyticsView.swift */ = {isa = PBXFileReference; lastKnownFileType = sourcecode.swift; path = AnalyticsView.swift; sourceTree = "<group>"; };
		A187D2FEFCCCE67BF83BA0A4 /* TutorHintPopover.swift */ = {isa = PBXFileReference; lastKnownFileType = sourcecode.swift; path = TutorHintPopover.swift; sourceTree = "<group>"; };
		A2B027C742233E2E12B4D878 /* AuthView.swift */ = {isa = PBXFileReference; lastKnownFileType = sourcecode.swift; path = AuthView.swift; sourceTree = "<group>"; };
		A37FCABDB72CEC9F68DABAD5 /* ProfileDTO.swift */ = {isa = PBXFileReference; lastKnownFileType = sourcecode.swift; path = ProfileDTO.swift; sourceTree = "<group>"; };
		A49104137905EEABC8CE3056 /* TutorHintCard.swift */ = {isa = PBXFileReference; lastKnownFileType = sourcecode.swift; path = TutorHintCard.swift; sourceTree = "<group>"; };
		A5BB319AF6A63003068A3D85 /* AnswerKey.swift */ = {isa = PBXFileReference; lastKnownFileType = sourcecode.swift; path = AnswerKey.swift; sourceTree = "<group>"; };
		A5F2D019882BDFA54D431F92 /* CalculatorHistoryView.swift */ = {isa = PBXFileReference; lastKnownFileType = sourcecode.swift; path = CalculatorHistoryView.swift; sourceTree = "<group>"; };
		A965EEABECDE87D79AF04DC7 /* SupabaseProfileRepository.swift */ = {isa = PBXFileReference; lastKnownFileType = sourcecode.swift; path = SupabaseProfileRepository.swift; sourceTree = "<group>"; };
		AA4E4DF12E800E23429317A7 /* CalculatorView.swift */ = {isa = PBXFileReference; lastKnownFileType = sourcecode.swift; path = CalculatorView.swift; sourceTree = "<group>"; };
		AA931CB0705B21CA88CF4BE6 /* DashboardNavigationTests.swift */ = {isa = PBXFileReference; lastKnownFileType = sourcecode.swift; path = DashboardNavigationTests.swift; sourceTree = "<group>"; };
		AADCC5EDF667251F329B6F2A /* Profile.swift */ = {isa = PBXFileReference; lastKnownFileType = sourcecode.swift; path = Profile.swift; sourceTree = "<group>"; };
		AC62F2B8191E199AABE2EE03 /* AuthRepository.swift */ = {isa = PBXFileReference; lastKnownFileType = sourcecode.swift; path = AuthRepository.swift; sourceTree = "<group>"; };
		AE035BAF0664E7DC94AFD77F /* ToolSettingsPopover.swift */ = {isa = PBXFileReference; lastKnownFileType = sourcecode.swift; path = ToolSettingsPopover.swift; sourceTree = "<group>"; };
		B1C1085150D25A8BA7D81D2B /* Reef.entitlements */ = {isa = PBXFileReference; lastKnownFileType = text.plist.entitlements; path = Reef.entitlements; sourceTree = "<group>"; };
		B2CE269C9A92C93FAF390C74 /* SupabaseCourseRepository.swift */ = {isa = PBXFileReference; lastKnownFileType = sourcecode.swift; path = SupabaseCourseRepository.swift; sourceTree = "<group>"; };
		B313CACE22D5819885170769 /* DashboardTab.swift */ = {isa = PBXFileReference; lastKnownFileType = sourcecode.swift; path = DashboardTab.swift; sourceTree = "<group>"; };
		B3B1232D44FD87C498A92B57 /* DrawingManager.swift */ = {isa = PBXFileReference; lastKnownFileType = sourcecode.swift; path = DrawingManager.swift; sourceTree = "<group>"; };
		B3B14B10AB75BC4F714166B0 /* AppleSignInCoordinator.swift */ = {isa = PBXFileReference; lastKnownFileType = sourcecode.swift; path = AppleSignInCoordinator.swift; sourceTree = "<group>"; };
		B73E376CEC2A475E18923446 /* UserSettings.swift */ = {isa = PBXFileReference; lastKnownFileType = sourcecode.swift; path = UserSettings.swift; sourceTree = "<group>"; };
		BF4462366B99764910AD0BD6 /* UsageStatsRepository.swift */ = {isa = PBXFileReference; lastKnownFileType = sourcecode.swift; path = UsageStatsRepository.swift; sourceTree = "<group>"; };
		BF7ECE3CE5AFD4A1E43FEA24 /* ReefTextField.swift */ = {isa = PBXFileReference; lastKnownFileType = sourcecode.swift; path = ReefTextField.swift; sourceTree = "<group>"; };
		C13554774B4CA9AB051AD846 /* DocumentDTO.swift */ = {isa = PBXFileReference; lastKnownFileType = sourcecode.swift; path = DocumentDTO.swift; sourceTree = "<group>"; };
		C21A0A6D563AB3FCDA3DB742 /* CourseConstants.swift */ = {isa = PBXFileReference; lastKnownFileType = sourcecode.swift; path = CourseConstants.swift; sourceTree = "<group>"; };
		C4F79381500047B6B71EDE6D /* SettingsAccountTab.swift */ = {isa = PBXFileReference; lastKnownFileType = sourcecode.swift; path = SettingsAccountTab.swift; sourceTree = "<group>"; };
		C58ADFDC5DF429F967351DB7 /* CanvasInfoStrip.swift */ = {isa = PBXFileReference; lastKnownFileType = sourcecode.swift; path = CanvasInfoStrip.swift; sourceTree = "<group>"; };
		C7BA9314A24B8096266704FC /* SettingsView.swift */ = {isa = PBXFileReference; lastKnownFileType = sourcecode.swift; path = SettingsView.swift; sourceTree = "<group>"; };
		D4769DBB9758DDBC41716E4E /* KaTeXView.swift */ = {isa = PBXFileReference; lastKnownFileType = sourcecode.swift; path = KaTeXView.swift; sourceTree = "<group>"; };
		D489D93195D1EB0460BB6162 /* CanvasContainerView.swift */ = {isa = PBXFileReference; lastKnownFileType = sourcecode.swift; path = CanvasContainerView.swift; sourceTree = "<group>"; };
		D48CB131D0094A90A7F59F86 /* ReefToggle.swift */ = {isa = PBXFileReference; lastKnownFileType = sourcecode.swift; path = ReefToggle.swift; sourceTree = "<group>"; };
		D608FF89234404A5B5DDC266 /* ComingSoonView.swift */ = {isa = PBXFileReference; lastKnownFileType = sourcecode.swift; path = ComingSoonView.swift; sourceTree = "<group>"; };
		D65E5B2475B1D79FC1BD67A9 /* SettingsPrivacyTab.swift */ = {isa = PBXFileReference; lastKnownFileType = sourcecode.swift; path = SettingsPrivacyTab.swift; sourceTree = "<group>"; };
		D98DEB59ABD1162317518CE4 /* DocumentEmptyStateView.swift */ = {isa = PBXFileReference; lastKnownFileType = sourcecode.swift; path = DocumentEmptyStateView.swift; sourceTree = "<group>"; };
		DC4689C58CCB86B7C32D03AA /* NotificationDropdownTests.swift */ = {isa = PBXFileReference; lastKnownFileType = sourcecode.swift; path = NotificationDropdownTests.swift; sourceTree = "<group>"; };
		DC9968FBE0F62787857FD813 /* PageMenuPopover.swift */ = {isa = PBXFileReference; lastKnownFileType = sourcecode.swift; path = PageMenuPopover.swift; sourceTree = "<group>"; };
		DE0F1AFE64D2E5F951871142 /* SupabaseDocumentRepository.swift */ = {isa = PBXFileReference; lastKnownFileType = sourcecode.swift; path = SupabaseDocumentRepository.swift; sourceTree = "<group>"; };
		DFD4957A8822E66C3898DFD6 /* DeleteCoursePopup.swift */ = {isa = PBXFileReference; lastKnownFileType = sourcecode.swift; path = DeleteCoursePopup.swift; sourceTree = "<group>"; };
		E03E18AE30F94DABABC0A0BF /* ReefDivider.swift */ = {isa = PBXFileReference; lastKnownFileType = sourcecode.swift; path = ReefDivider.swift; sourceTree = "<group>"; };
		E1DF6E9442D61855C2F2DC6C /* DashboardView.swift */ = {isa = PBXFileReference; lastKnownFileType = sourcecode.swift; path = DashboardView.swift; sourceTree = "<group>"; };
		E433D80D018772EA5F6029B0 /* Reef3DSlider.swift */ = {isa = PBXFileReference; lastKnownFileType = sourcecode.swift; path = Reef3DSlider.swift; sourceTree = "<group>"; };
		E5F643CA708229A01CC148AD /* DashboardViewModel.swift */ = {isa = PBXFileReference; lastKnownFileType = sourcecode.swift; path = DashboardViewModel.swift; sourceTree = "<group>"; };
		E93614328445674032CC85E8 /* DetailsPopup.swift */ = {isa = PBXFileReference; lastKnownFileType = sourcecode.swift; path = DetailsPopup.swift; sourceTree = "<group>"; };
		EAAF394687706496B518638E /* DocumentCardView.swift */ = {isa = PBXFileReference; lastKnownFileType = sourcecode.swift; path = DocumentCardView.swift; sourceTree = "<group>"; };
		EF282AF06622A7490F913DB0 /* CanvasDrawingBar.swift */ = {isa = PBXFileReference; lastKnownFileType = sourcecode.swift; path = CanvasDrawingBar.swift; sourceTree = "<group>"; };
		EFBBEAD892750705B8D86501 /* CanvasToolbarButton.swift */ = {isa = PBXFileReference; lastKnownFileType = sourcecode.swift; path = CanvasToolbarButton.swift; sourceTree = "<group>"; };
		F09B04CD69D0B940054A668D /* WifiMonitor.swift */ = {isa = PBXFileReference; lastKnownFileType = sourcecode.swift; path = WifiMonitor.swift; sourceTree = "<group>"; };
		F18769193DCBDAB952D2EB46 /* SettingsPreferencesTab.swift */ = {isa = PBXFileReference; lastKnownFileType = sourcecode.swift; path = SettingsPreferencesTab.swift; sourceTree = "<group>"; };
		F59C552181409C88B428D62E /* SupabaseConfig.swift */ = {isa = PBXFileReference; lastKnownFileType = sourcecode.swift; path = SupabaseConfig.swift; sourceTree = "<group>"; };
		F5F6BA74028EDA58067FF47C /* DashboardHeader.swift */ = {isa = PBXFileReference; lastKnownFileType = sourcecode.swift; path = DashboardHeader.swift; sourceTree = "<group>"; };
		F962193EFD8BFBB8449D0469 /* TierLimits.swift */ = {isa = PBXFileReference; lastKnownFileType = sourcecode.swift; path = TierLimits.swift; sourceTree = "<group>"; };
		FADDF42D81B0209677FA4A36 /* ReefLayoutMetrics.swift */ = {isa = PBXFileReference; lastKnownFileType = sourcecode.swift; path = ReefLayoutMetrics.swift; sourceTree = "<group>"; };
		"TEMP_18215147-9575-4572-9D6F-FF74755DA779" /* Secrets.xcconfig */ = {isa = PBXFileReference; lastKnownFileType = text.xcconfig; path = Secrets.xcconfig; sourceTree = "<group>"; };
		0735F0FE85324132A0F98FA5 /* OnboardingModels.swift */ = {isa = PBXFileReference; lastKnownFileType = sourcecode.swift; path = OnboardingModels.swift; sourceTree = "<group>"; };
		A689A2FC4B774D8EBFAE66E5 /* OnboardingViewModel.swift */ = {isa = PBXFileReference; lastKnownFileType = sourcecode.swift; path = OnboardingViewModel.swift; sourceTree = "<group>"; };
		09104388F06246178AB1A4A1 /* OnboardingFlowView.swift */ = {isa = PBXFileReference; lastKnownFileType = sourcecode.swift; path = OnboardingFlowView.swift; sourceTree = "<group>"; };
		39622361D80C4B58A2BE8C07 /* OnboardingProgressBar.swift */ = {isa = PBXFileReference; lastKnownFileType = sourcecode.swift; path = OnboardingProgressBar.swift; sourceTree = "<group>"; };
		6041CD52A359487BB35EDE2B /* OnboardingStepShell.swift */ = {isa = PBXFileReference; lastKnownFileType = sourcecode.swift; path = OnboardingStepShell.swift; sourceTree = "<group>"; };
		00057DD4F29743959369E2AB /* OnboardingOption.swift */ = {isa = PBXFileReference; lastKnownFileType = sourcecode.swift; path = OnboardingOption.swift; sourceTree = "<group>"; };
		38C1DBEA81114C1697EAED41 /* OnboardingPill.swift */ = {isa = PBXFileReference; lastKnownFileType = sourcecode.swift; path = OnboardingPill.swift; sourceTree = "<group>"; };
		CB44D3A43ED24B23A0F7161A /* OnboardingFlowLayout.swift */ = {isa = PBXFileReference; lastKnownFileType = sourcecode.swift; path = OnboardingFlowLayout.swift; sourceTree = "<group>"; };
		D154202623CB4E49B29A6415 /* SocialProofBanner.swift */ = {isa = PBXFileReference; lastKnownFileType = sourcecode.swift; path = SocialProofBanner.swift; sourceTree = "<group>"; };
		3BEA2C80C32140C29EB0BBC7 /* WelcomeStep.swift */ = {isa = PBXFileReference; lastKnownFileType = sourcecode.swift; path = WelcomeStep.swift; sourceTree = "<group>"; };
		2F712B3486F14903AAC6F4E4 /* StudentTypeStep.swift */ = {isa = PBXFileReference; lastKnownFileType = sourcecode.swift; path = StudentTypeStep.swift; sourceTree = "<group>"; };
		169951DDC8764402B0204171 /* MajorStep.swift */ = {isa = PBXFileReference; lastKnownFileType = sourcecode.swift; path = MajorStep.swift; sourceTree = "<group>"; };
		22F9A5D44C9C4E30B231CD2E /* CoursesStep.swift */ = {isa = PBXFileReference; lastKnownFileType = sourcecode.swift; path = CoursesStep.swift; sourceTree = "<group>"; };
		BE192E92681145CAA27C8757 /* FavoriteTopicStep.swift */ = {isa = PBXFileReference; lastKnownFileType = sourcecode.swift; path = FavoriteTopicStep.swift; sourceTree = "<group>"; };
		BACB7DE625BB4EE5B448DC04 /* StudyGoalStep.swift */ = {isa = PBXFileReference; lastKnownFileType = sourcecode.swift; path = StudyGoalStep.swift; sourceTree = "<group>"; };
		FDC6DC7E5387432388F805A1 /* GoalValidationStep.swift */ = {isa = PBXFileReference; lastKnownFileType = sourcecode.swift; path = GoalValidationStep.swift; sourceTree = "<group>"; };
		4AF176F6C2B94FBAAA1528B8 /* PainPointsStep.swift */ = {isa = PBXFileReference; lastKnownFileType = sourcecode.swift; path = PainPointsStep.swift; sourceTree = "<group>"; };
		44F860CAD4FE4B39AA609809 /* LearningStyleStep.swift */ = {isa = PBXFileReference; lastKnownFileType = sourcecode.swift; path = LearningStyleStep.swift; sourceTree = "<group>"; };
		4F774E766B414690BD253D41 /* DailyGoalStep.swift */ = {isa = PBXFileReference; lastKnownFileType = sourcecode.swift; path = DailyGoalStep.swift; sourceTree = "<group>"; };
		34C494C1A34141F2888EABD6 /* TutorDemoStep.swift */ = {isa = PBXFileReference; lastKnownFileType = sourcecode.swift; path = TutorDemoStep.swift; sourceTree = "<group>"; };
		9F28051EC79A4A01875EB025 /* GeneratingPlanStep.swift */ = {isa = PBXFileReference; lastKnownFileType = sourcecode.swift; path = GeneratingPlanStep.swift; sourceTree = "<group>"; };
		51B7BDCB83B0461C900A463F /* PlanPreviewStep.swift */ = {isa = PBXFileReference; lastKnownFileType = sourcecode.swift; path = PlanPreviewStep.swift; sourceTree = "<group>"; };
		0D5C439333D4481FAEB0471E /* SignUpStep.swift */ = {isa = PBXFileReference; lastKnownFileType = sourcecode.swift; path = SignUpStep.swift; sourceTree = "<group>"; };
		74EFB0776F4149E9B55DCA54 /* PaywallStep.swift */ = {isa = PBXFileReference; lastKnownFileType = sourcecode.swift; path = PaywallStep.swift; sourceTree = "<group>"; };
		B6B2344E9C2345589D3B8798 /* ReferralStep.swift */ = {isa = PBXFileReference; lastKnownFileType = sourcecode.swift; path = ReferralStep.swift; sourceTree = "<group>"; };
		CED289FC211B4BDF8C779DBD /* OnboardingBackground.swift */ = {isa = PBXFileReference; lastKnownFileType = sourcecode.swift; path = OnboardingBackground.swift; sourceTree = "<group>"; };
		84F2DDD292AF4AD8A36C16EC /* DemoProblemService.swift */ = {isa = PBXFileReference; lastKnownFileType = sourcecode.swift; path = DemoProblemService.swift; sourceTree = "<group>"; };
		21E2B7DF2A5A4A0497A379D7 /* TutorDemoOverlay.swift */ = {isa = PBXFileReference; lastKnownFileType = sourcecode.swift; path = TutorDemoOverlay.swift; sourceTree = "<group>"; };
		1B02A614D768401AA2184269 /* CanvasWalkthrough.swift */ = {isa = PBXFileReference; lastKnownFileType = sourcecode.swift; path = CanvasWalkthrough.swift; sourceTree = "<group>"; };
		E1EE16A89B62411783295F80 /* WalkthroughPopup.swift */ = {isa = PBXFileReference; lastKnownFileType = sourcecode.swift; path = WalkthroughPopup.swift; sourceTree = "<group>"; };
		D4E5F6A7B8C940D1E2F30ABC /* WalkthroughGlow.swift */ = {isa = PBXFileReference; lastKnownFileType = sourcecode.swift; path = WalkthroughGlow.swift; sourceTree = "<group>"; };
/* End PBXFileReference section */

/* Begin PBXFrameworksBuildPhase section */
		1DFBE8780698AEB75B7F2B72 /* Frameworks */ = {
			isa = PBXFrameworksBuildPhase;
			buildActionMask = 2147483647;
			files = (
				5764F13B61C5FBD9B17D28DD /* Supabase in Frameworks */,
				86C48AE599F618C06636F0BD /* GoogleSignIn in Frameworks */,
				B1342C3D4467A24E496A2705 /* AuthenticationServices.framework in Frameworks */,
			);
			runOnlyForDeploymentPostprocessing = 0;
		};
/* End PBXFrameworksBuildPhase section */

/* Begin PBXGroup section */
		05147B11F4B18FA70C1D6E07 /* Popovers */ = {
			isa = PBXGroup;
			children = (
				1453C18E7538070E48493719 /* AddColorPopup.swift */,
				09F8C453B4C743A2BC15B0F0 /* BugReportPopup.swift */,
				56B5973EB0C19F379FCC7F2D /* EraserSettingsPopover.swift */,
				DC9968FBE0F62787857FD813 /* PageMenuPopover.swift */,
				049829935475A647A03F8EC0 /* PageSettingsPopover.swift */,
				AE035BAF0664E7DC94AFD77F /* ToolSettingsPopover.swift */,
				A187D2FEFCCCE67BF83BA0A4 /* TutorHintPopover.swift */,
			);
			path = Popovers;
			sourceTree = "<group>";
		};
		0A1391E830274A537EE690A4 /* TutorOverlay */ = {
			isa = PBXGroup;
			children = (
				A49104137905EEABC8CE3056 /* TutorHintCard.swift */,
				675863D5C0BC2BCF0D2688B6 /* TutorRevealCard.swift */,
			);
			path = TutorOverlay;
			sourceTree = "<group>";
		};
		18C69EFE0AF9128BD3588C6A /* Products */ = {
			isa = PBXGroup;
			children = (
				2FEBC9D0D9B06F74E3F564A1 /* Reef.app */,
				0D32EA1898AEB34154A55CD5 /* ReefUITests.xctest */,
			);
			name = Products;
			sourceTree = "<group>";
		};
		1DB8238BC355EF00CBF2412B /* Core */ = {
			isa = PBXGroup;
			children = (
				90756ECD6130EE285E1059D7 /* Components */,
				966CCF4ECDF517E5706A9CC3 /* Design */,
				4D9F576D29524B2F00CE2003 /* Services */,
			);
			path = Core;
			sourceTree = "<group>";
		};
		29712C8D6E09C4318C2196FE /* Auth */ = {
			isa = PBXGroup;
			children = (
				B3B14B10AB75BC4F714166B0 /* AppleSignInCoordinator.swift */,
				A2B027C742233E2E12B4D878 /* AuthView.swift */,
				2589F18A50DC9C05FCF0FC6C /* AuthViewModel.swift */,
			);
			path = Auth;
			sourceTree = "<group>";
		};
		32AB6C3B59CBCCF9FCDE9DEB /* Modals */ = {
			isa = PBXGroup;
			children = (
				6B1625043D9BE3B466B4EF85 /* DeleteConfirmPopup.swift */,
				E93614328445674032CC85E8 /* DetailsPopup.swift */,
				0D888C15CDBA6006BA616096 /* DocumentUploadPopup.swift */,
				0656F4CAEF8F47621008C153 /* MoveToCoursePopup.swift */,
				034DDA05CA3DE5AEE460DA72 /* RenamePopup.swift */,
			);
			path = Modals;
			sourceTree = "<group>";
		};
		34C3C2B8C72361B2E60E2E7C /* Analytics */ = {
			isa = PBXGroup;
			children = (
				9ED132B34EEF03AF5A9672ED /* AnalyticsView.swift */,
			);
			path = Analytics;
			sourceTree = "<group>";
		};
		3A572D68FFF66A69BBAA045A /* Drawing */ = {
			isa = PBXGroup;
			children = (
				7960E8B43CA0F0FEE04F0BA4 /* CanvasDocumentData.swift */,
				B3B1232D44FD87C498A92B57 /* DrawingManager.swift */,
				1DF6F897609CDB22C4ABE252 /* ShapeRecognizer.swift */,
			);
			path = Drawing;
			sourceTree = "<group>";
		};
		3CF1AD53CC5776561FE18376 /* Toolbar */ = {
			isa = PBXGroup;
			children = (
				EF282AF06622A7490F913DB0 /* CanvasDrawingBar.swift */,
				C58ADFDC5DF429F967351DB7 /* CanvasInfoStrip.swift */,
				5293FD272F3F0317EA3DDA9D /* CanvasTool.swift */,
				EFBBEAD892750705B8D86501 /* CanvasToolbarButton.swift */,
			);
			path = Toolbar;
			sourceTree = "<group>";
		};
		3E991CE445F9BC6C1CFC930F /* Data */ = {
			isa = PBXGroup;
			children = (
				667F22B84B7D0B4842B92E03 /* Supabase */,
			);
			path = Data;
			sourceTree = "<group>";
		};
		3FA23934E46F9E846ADFC9A5 /* Dashboard */ = {
			isa = PBXGroup;
			children = (
				D608FF89234404A5B5DDC266 /* ComingSoonView.swift */,
				F5F6BA74028EDA58067FF47C /* DashboardHeader.swift */,
				4742404ABF6C1505BEE9BA09 /* DashboardSidebar.swift */,
				B313CACE22D5819885170769 /* DashboardTab.swift */,
				E1DF6E9442D61855C2F2DC6C /* DashboardView.swift */,
				E5F643CA708229A01CC148AD /* DashboardViewModel.swift */,
				3CF315A5A3CD60C6CBCD997E /* ProfileDropdownMenu.swift */,
				34C3C2B8C72361B2E60E2E7C /* Analytics */,
				FDE46A853354698E0A200502 /* Courses */,
				5360BC21939A4569E5CC24CC /* Documents */,
				472A791F8CA237ADCF990F24 /* Settings */,
			);
			path = Dashboard;
			sourceTree = "<group>";
		};
		472A791F8CA237ADCF990F24 /* Settings */ = {
			isa = PBXGroup;
			children = (
				1EF3648670B8144192819600 /* SettingsAboutTab.swift */,
				C4F79381500047B6B71EDE6D /* SettingsAccountTab.swift */,
				3782C601D52EF8D22F19E789 /* SettingsComponents.swift */,
				F18769193DCBDAB952D2EB46 /* SettingsPreferencesTab.swift */,
				D65E5B2475B1D79FC1BD67A9 /* SettingsPrivacyTab.swift */,
				540FA017DB5B558F980C778C /* SettingsProfileTab.swift */,
				C7BA9314A24B8096266704FC /* SettingsView.swift */,
			);
			path = Settings;
			sourceTree = "<group>";
		};
		4D9F576D29524B2F00CE2003 /* Services */ = {
			isa = PBXGroup;
			children = (
				2488E4B45293319F3C207810 /* CanvasExportService.swift */,
				64BCA06641FCCA06780192E3 /* CanvasStorageService.swift */,
				F09B04CD69D0B940054A668D /* WifiMonitor.swift */,
				141309C544FF40AC81F0952A /* SpeechRecognitionService.swift */,
			);
			path = Services;
			sourceTree = "<group>";
		};
		5360BC21939A4569E5CC24CC /* Documents */ = {
			isa = PBXGroup;
			children = (
				EAAF394687706496B518638E /* DocumentCardView.swift */,
				D98DEB59ABD1162317518CE4 /* DocumentEmptyStateView.swift */,
				0C94BB916726F14B8F18816A /* DocumentsContentView.swift */,
				88C0707187B735021AB1D0D9 /* DocumentSkeletonView.swift */,
				2A80790E56F45AD11C42C6AE /* DocumentsViewModel.swift */,
				00F5231E0BAD269B72BDD192 /* DocumentThumbnailView.swift */,
				32AB6C3B59CBCCF9FCDE9DEB /* Modals */,
			);
			path = Documents;
			sourceTree = "<group>";
		};
		53DD15FA05A897032D0FD98E /* Sidebar */ = {
			isa = PBXGroup;
			children = (
				85288EB05437D44A3FEC547F /* CanvasSidebarView.swift */,
				1B631BDD9B4ADCB364AEFA27 /* HandwritingTranscriptionService.swift */,
				DC31B62573F444088AECABB8 /* TutorEvaluationService.swift */,
			);
			path = Sidebar;
			sourceTree = "<group>";
		};
		624D905650AFCFF61C8BAAD8 /* Frameworks */ = {
			isa = PBXGroup;
			children = (
				2FBE66A9E92A7CCD7A95310A /* AuthenticationServices.framework */,
			);
			name = Frameworks;
			sourceTree = "<group>";
		};
		667F22B84B7D0B4842B92E03 /* Supabase */ = {
			isa = PBXGroup;
			children = (
				58730458CA6F0DE1DCF18A8E /* SupabaseAnswerKeyRepository.swift */,
				1F41D639645507DBBDB28D2A /* SupabaseAuthRepository.swift */,
				F59C552181409C88B428D62E /* SupabaseConfig.swift */,
				B2CE269C9A92C93FAF390C74 /* SupabaseCourseRepository.swift */,
				DE0F1AFE64D2E5F951871142 /* SupabaseDocumentRepository.swift */,
				A965EEABECDE87D79AF04DC7 /* SupabaseProfileRepository.swift */,
				8A01A72D1889843ADC7EACB3 /* SupabaseUsageStatsRepository.swift */,
				AB18D437B5275E194EC90DD7 /* DTOs */,
			);
			path = Supabase;
			sourceTree = "<group>";
		};
		6F58A5075D871B249F546A4C /* Canvas */ = {
			isa = PBXGroup;
			children = (
				458089D68B25E880C7F9E0C3 /* CanvasView.swift */,
				A1B2C3D4E5F6A7B8C9D0E1F2 /* CanvasLoadingView.swift */,
				9E2BB1B2191FC479DE667369 /* CanvasViewModel.swift */,
				16E7D8D9AB1CD2E1E50122E0 /* ExportPreviewView.swift */,
				81FBD2D3EFA3FA4A72ACA0F3 /* MockCanvasData.swift */,
				31E963723E19073830F29D78 /* QuestionRegionTracker.swift */,
				E0F7C45AAC0407E46A862D23 /* Calculator */,
				3A572D68FFF66A69BBAA045A /* Drawing */,
				7CE18440300DF7E632A79D0B /* PageView */,
				05147B11F4B18FA70C1D6E07 /* Popovers */,
				53DD15FA05A897032D0FD98E /* Sidebar */,
				3CF1AD53CC5776561FE18376 /* Toolbar */,
				0A1391E830274A537EE690A4 /* TutorOverlay */,
			);
			path = Canvas;
			sourceTree = "<group>";
		};
		7262DF6D88DE3E4B21390AF9 /* Resources */ = {
			isa = PBXGroup;
			children = (
				8EDF913D03056A3B1DFF5DD0 /* Fonts */,
				1FBAAC77F6282CB6C717830B /* KaTeX */,
			);
			path = Resources;
			sourceTree = "<group>";
		};
		72832E52E4FC829986F11D3E /* Repositories */ = {
			isa = PBXGroup;
			children = (
				AC62F2B8191E199AABE2EE03 /* AuthRepository.swift */,
				9BD8763733BAAB023C8D2CFF /* CourseRepository.swift */,
				16BBC645292B51A009BA92AD /* DocumentRepository.swift */,
				8342C69F3700A9310BE6514E /* ProfileRepository.swift */,
				BF4462366B99764910AD0BD6 /* UsageStatsRepository.swift */,
			);
			path = Repositories;
			sourceTree = "<group>";
		};
		74EEC224325276367AE02EE1 /* Entities */ = {
			isa = PBXGroup;
			children = (
				A5BB319AF6A63003068A3D85 /* AnswerKey.swift */,
				953D541D3BCC2DE8B8F073C0 /* Course.swift */,
				67343B23E7351C02A36771E0 /* Document.swift */,
				AADCC5EDF667251F329B6F2A /* Profile.swift */,
				837EF10AE734D9E16B28F190 /* ProfileUpdate.swift */,
				F962193EFD8BFBB8449D0469 /* TierLimits.swift */,
				2EAA320FF00304DED13687F5 /* UsageStats.swift */,
				B73E376CEC2A475E18923446 /* UserSettings.swift */,
			);
			path = Entities;
			sourceTree = "<group>";
		};
		7CE18440300DF7E632A79D0B /* PageView */ = {
			isa = PBXGroup;
			children = (
				D489D93195D1EB0460BB6162 /* CanvasContainerView.swift */,
				49CF42663E725256191900B2 /* CanvasPageView.swift */,
				1157F7573EC1A88B62D162BE /* PageOverlayView.swift */,
				029895EBF64BA43E3B438CBE /* RulerOverlayView.swift */,
			);
			path = PageView;
			sourceTree = "<group>";
		};
		90756ECD6130EE285E1059D7 /* Components */ = {
			isa = PBXGroup;
			children = (
				2ED4E8C569BD35F02677D82C /* DashboardCardModifier.swift */,
				21872AA207AEEC6F2397B9F4 /* DottedBackground.swift */,
				710438B44E81F30B67C50D57 /* DraggableCard.swift */,
				3E71983B4F8D2BEC3910A45E /* GoogleIcon.swift */,
				D4769DBB9758DDBC41716E4E /* KaTeXView.swift */,
				09281299BE4A3431EB4BEA5A /* MathText.swift */,
				CF7CF010C0824C8087F5DB98 /* LaTeXToUnicode.swift */,
				3FF40F4A25F5204FEDAF3FC4 /* PopoverCard.swift */,
				3205E3BD9FC3234A4F37231A /* PopupShellModifier.swift */,
				E433D80D018772EA5F6029B0 /* Reef3DSlider.swift */,
				7EC89D92C9819BFC2E70F4BD /* ReefBadge.swift */,
				4E7B4C0ECBC8C19B3047E375 /* ReefButton.swift */,
				982248BAE2D4A7F5BE47B8D8 /* ReefCard.swift */,
				E03E18AE30F94DABABC0A0BF /* ReefDivider.swift */,
				BF7ECE3CE5AFD4A1E43FEA24 /* ReefTextField.swift */,
				D48CB131D0094A90A7F59F86 /* ReefToggle.swift */,
				06656EEC01684E7F12A1F036 /* ShimmerOverlay.swift */,
			);
			path = Components;
			sourceTree = "<group>";
		};
		966CCF4ECDF517E5706A9CC3 /* Design */ = {
			isa = PBXGroup;
			children = (
				7CEA0E601A77E71794D928EC /* ReefAnimations.swift */,
				82315CD65E53D1BAD137A91C /* ReefColors.swift */,
				FADDF42D81B0209677FA4A36 /* ReefLayoutMetrics.swift */,
				00BCE4900CD1562F72FAC77A /* ReefTheme.swift */,
				9D9EC70DF58FA661881CDFA4 /* ReefTypography.swift */,
			);
			path = Design;
			sourceTree = "<group>";
		};
		AB18D437B5275E194EC90DD7 /* DTOs */ = {
			isa = PBXGroup;
			children = (
				7986E18245D3EB0F3C303539 /* CourseDTO.swift */,
				C13554774B4CA9AB051AD846 /* DocumentDTO.swift */,
				A37FCABDB72CEC9F68DABAD5 /* ProfileDTO.swift */,
			);
			path = DTOs;
			sourceTree = "<group>";
		};
		AFAF5259D164A3BD4DD14285 /* ReefUITests */ = {
			isa = PBXGroup;
			children = (
				1CDCFE49DE81342DD005D2CB /* AuthFlowTests.swift */,
				AA931CB0705B21CA88CF4BE6 /* DashboardNavigationTests.swift */,
				DC4689C58CCB86B7C32D03AA /* NotificationDropdownTests.swift */,
				29B48811F63C33857241E52D /* ReefUITestCase.swift */,
			);
			path = ReefUITests;
			sourceTree = "<group>";
		};
		C91E9A19A66D6994E8A55402 /* Modals */ = {
			isa = PBXGroup;
			children = (
				52CD364038E9412CE2BF892A /* AddCoursePopup.swift */,
				DFD4957A8822E66C3898DFD6 /* DeleteCoursePopup.swift */,
				634D3EA1C3292511D10D5A3B /* EditCoursePopup.swift */,
			);
			path = Modals;
			sourceTree = "<group>";
		};
		CD282D01C21A1CB2BA694890 /* Reef */ = {
			isa = PBXGroup;
			children = (
				3F68AC1C3432E326DB646676 /* Assets.xcassets */,
				B1C1085150D25A8BA7D81D2B /* Reef.entitlements */,
				DB00E746738371A9078E166C /* App */,
				1DB8238BC355EF00CBF2412B /* Core */,
				3E991CE445F9BC6C1CFC930F /* Data */,
				FB8A2B56D9D688AA9F5531C3 /* Domain */,
				EC0B5D8375CA32EAFD2508A9 /* Features */,
				7262DF6D88DE3E4B21390AF9 /* Resources */,
			);
			path = Reef;
			sourceTree = "<group>";
		};
		DB00E746738371A9078E166C /* App */ = {
			isa = PBXGroup;
			children = (
				8F363767C6C99DEC96663F36 /* AppRouter.swift */,
				20B9D25AC3198EC21D837140 /* ReefApp.swift */,
			);
			path = App;
			sourceTree = "<group>";
		};
		E0F7C45AAC0407E46A862D23 /* Calculator */ = {
			isa = PBXGroup;
			children = (
				5006AD62B11F04E58C37C5FA /* CalculatorButton.swift */,
				1EABCAE9AC6CDFAB155B57D4 /* CalculatorEngine.swift */,
				A5F2D019882BDFA54D431F92 /* CalculatorHistoryView.swift */,
				AA4E4DF12E800E23429317A7 /* CalculatorView.swift */,
				0017740C4265A5FFE7E4A242 /* CalculatorViewModel.swift */,
			);
			path = Calculator;
			sourceTree = "<group>";
		};
		EC0B5D8375CA32EAFD2508A9 /* Features */ = {
			isa = PBXGroup;
			children = (
				29712C8D6E09C4318C2196FE /* Auth */,
				6F58A5075D871B249F546A4C /* Canvas */,
				3FA23934E46F9E846ADFC9A5 /* Dashboard */,
				2960E0DD1C614E079B66D98B /* Onboarding */,
			);
			path = Features;
			sourceTree = "<group>";
		};
		F0F46F2D121C884BE5CD2C5E = {
			isa = PBXGroup;
			children = (
				CD282D01C21A1CB2BA694890 /* Reef */,
				AFAF5259D164A3BD4DD14285 /* ReefUITests */,
				624D905650AFCFF61C8BAAD8 /* Frameworks */,
				18C69EFE0AF9128BD3588C6A /* Products */,
			);
			sourceTree = "<group>";
		};
		FB8A2B56D9D688AA9F5531C3 /* Domain */ = {
			isa = PBXGroup;
			children = (
				74EEC224325276367AE02EE1 /* Entities */,
				72832E52E4FC829986F11D3E /* Repositories */,
			);
			path = Domain;
			sourceTree = "<group>";
		};
		FDE46A853354698E0A200502 /* Courses */ = {
			isa = PBXGroup;
			children = (
				C21A0A6D563AB3FCDA3DB742 /* CourseConstants.swift */,
				9AA80694B42F69DE6BB00C5F /* CourseContentView.swift */,
				87EC19536891CBB9AFED3E07 /* CoursesViewModel.swift */,
				C91E9A19A66D6994E8A55402 /* Modals */,
			);
			path = Courses;
			sourceTree = "<group>";
		};
		"TEMP_EE30FA8B-5AB1-4DBA-8CE8-00269945BAD2" /* Reef-iOS */ = {
			isa = PBXGroup;
			children = (
				"TEMP_18215147-9575-4572-9D6F-FF74755DA779" /* Secrets.xcconfig */,
			);
			path = "Reef-iOS";
			sourceTree = "<group>";
		};
		2960E0DD1C614E079B66D98B /* Onboarding */ = {
			isa = PBXGroup;
			children = (
				F5584AF033CB42A2BB357D83 /* Services */,
				214602FE85D44D90A2C1841F /* Components */,
				5CF9F9ABF137401BAEE33A97 /* Steps */,
				0735F0FE85324132A0F98FA5 /* OnboardingModels.swift */,
				A689A2FC4B774D8EBFAE66E5 /* OnboardingViewModel.swift */,
				09104388F06246178AB1A4A1 /* OnboardingFlowView.swift */,
			);
			path = Onboarding;
			sourceTree = "<group>";
		};
		214602FE85D44D90A2C1841F /* Components */ = {
			isa = PBXGroup;
			children = (
				E1EE16A89B62411783295F80 /* WalkthroughPopup.swift */,
				D4E5F6A7B8C940D1E2F30ABC /* WalkthroughGlow.swift */,
				1B02A614D768401AA2184269 /* CanvasWalkthrough.swift */,
				21E2B7DF2A5A4A0497A379D7 /* TutorDemoOverlay.swift */,
				39622361D80C4B58A2BE8C07 /* OnboardingProgressBar.swift */,
				6041CD52A359487BB35EDE2B /* OnboardingStepShell.swift */,
				00057DD4F29743959369E2AB /* OnboardingOption.swift */,
				38C1DBEA81114C1697EAED41 /* OnboardingPill.swift */,
				CB44D3A43ED24B23A0F7161A /* OnboardingFlowLayout.swift */,
				D154202623CB4E49B29A6415 /* SocialProofBanner.swift */,
							CED289FC211B4BDF8C779DBD /* OnboardingBackground.swift */,
			);
			path = Components;
			sourceTree = "<group>";
		};
		5CF9F9ABF137401BAEE33A97 /* Steps */ = {
			isa = PBXGroup;
			children = (
				3BEA2C80C32140C29EB0BBC7 /* WelcomeStep.swift */,
				2F712B3486F14903AAC6F4E4 /* StudentTypeStep.swift */,
				169951DDC8764402B0204171 /* MajorStep.swift */,
				22F9A5D44C9C4E30B231CD2E /* CoursesStep.swift */,
				BE192E92681145CAA27C8757 /* FavoriteTopicStep.swift */,
				BACB7DE625BB4EE5B448DC04 /* StudyGoalStep.swift */,
				FDC6DC7E5387432388F805A1 /* GoalValidationStep.swift */,
				4AF176F6C2B94FBAAA1528B8 /* PainPointsStep.swift */,
				44F860CAD4FE4B39AA609809 /* LearningStyleStep.swift */,
				4F774E766B414690BD253D41 /* DailyGoalStep.swift */,
				34C494C1A34141F2888EABD6 /* TutorDemoStep.swift */,
				9F28051EC79A4A01875EB025 /* GeneratingPlanStep.swift */,
				51B7BDCB83B0461C900A463F /* PlanPreviewStep.swift */,
				0D5C439333D4481FAEB0471E /* SignUpStep.swift */,
				74EFB0776F4149E9B55DCA54 /* PaywallStep.swift */,
				B6B2344E9C2345589D3B8798 /* ReferralStep.swift */,
			);
			path = Steps;
			sourceTree = "<group>";
		};
		F5584AF033CB42A2BB357D83 /* Services */ = {
			isa = PBXGroup;
			children = (
				84F2DDD292AF4AD8A36C16EC /* DemoProblemService.swift */,
			);
			path = Services;
			sourceTree = "<group>";
		};
/* End PBXGroup section */

/* Begin PBXNativeTarget section */
		193248CCE164F02D94596013 /* ReefUITests */ = {
			isa = PBXNativeTarget;
			buildConfigurationList = D9724D4A07AE42B22AAA2C74 /* Build configuration list for PBXNativeTarget "ReefUITests" */;
			buildPhases = (
				8D6AE56C164A283763D3D4CE /* Sources */,
			);
			buildRules = (
			);
			dependencies = (
				62BA81A72A92A8CA678B3571 /* PBXTargetDependency */,
			);
			name = ReefUITests;
			packageProductDependencies = (
			);
			productName = ReefUITests;
			productReference = 0D32EA1898AEB34154A55CD5 /* ReefUITests.xctest */;
			productType = "com.apple.product-type.bundle.ui-testing";
		};
		D7F066D58D043CAD0E116B49 /* Reef */ = {
			isa = PBXNativeTarget;
			buildConfigurationList = 5F6D2A2F7961245FFCA5DBCF /* Build configuration list for PBXNativeTarget "Reef" */;
			buildPhases = (
				6A8B1E5D177C954475EA3FB4 /* Sources */,
				C4282BA9ED49CCF74800A819 /* Resources */,
				1DFBE8780698AEB75B7F2B72 /* Frameworks */,
			);
			buildRules = (
			);
			dependencies = (
			);
			name = Reef;
			packageProductDependencies = (
				ECE996E3DB8403B5ED787530 /* Supabase */,
				8A0AD6F5B9C938C549CBDA7E /* GoogleSignIn */,
			);
			productName = Reef;
			productReference = 2FEBC9D0D9B06F74E3F564A1 /* Reef.app */;
			productType = "com.apple.product-type.application";
		};
/* End PBXNativeTarget section */

/* Begin PBXProject section */
		B117C27BD747E2170882ECBA /* Project object */ = {
			isa = PBXProject;
			attributes = {
				BuildIndependentTargetsInParallel = YES;
				LastUpgradeCheck = 1600;
				TargetAttributes = {
					193248CCE164F02D94596013 = {
						DevelopmentTeam = SMJLWBZ8X6;
						ProvisioningStyle = Automatic;
						TestTargetID = D7F066D58D043CAD0E116B49;
					};
					D7F066D58D043CAD0E116B49 = {
						DevelopmentTeam = SMJLWBZ8X6;
						ProvisioningStyle = Automatic;
					};
				};
			};
			buildConfigurationList = 1D01D14121A81775924CE721 /* Build configuration list for PBXProject "Reef" */;
			compatibilityVersion = "Xcode 14.0";
			developmentRegion = en;
			hasScannedForEncodings = 0;
			knownRegions = (
				Base,
				en,
			);
			mainGroup = F0F46F2D121C884BE5CD2C5E;
			minimizedProjectReferenceProxies = 1;
			packageReferences = (
				243B9C3E9988E1B00BEF7698 /* XCRemoteSwiftPackageReference "GoogleSignIn-iOS" */,
				7DDE570BD922A527B8FF276B /* XCRemoteSwiftPackageReference "supabase-swift" */,
			);
			preferredProjectObjectVersion = 77;
			projectDirPath = "";
			projectRoot = "";
			targets = (
				D7F066D58D043CAD0E116B49 /* Reef */,
				193248CCE164F02D94596013 /* ReefUITests */,
			);
		};
/* End PBXProject section */

/* Begin PBXResourcesBuildPhase section */
		C4282BA9ED49CCF74800A819 /* Resources */ = {
			isa = PBXResourcesBuildPhase;
			buildActionMask = 2147483647;
			files = (
				BE34AD54F16F85B938302FE7 /* Assets.xcassets in Resources */,
				E1A5CA31A4B76C02FE2353A6 /* Fonts in Resources */,
				59E51EB69B9786DCF5E3201F /* KaTeX in Resources */,
			);
			runOnlyForDeploymentPostprocessing = 0;
		};
/* End PBXResourcesBuildPhase section */

/* Begin PBXSourcesBuildPhase section */
		6A8B1E5D177C954475EA3FB4 /* Sources */ = {
			isa = PBXSourcesBuildPhase;
			buildActionMask = 2147483647;
			files = (
				F845158158DB4B5BAEA76324 /* WalkthroughPopup.swift in Sources */,
				A1B2C3D4E5F647890ABC1234 /* WalkthroughGlow.swift in Sources */,
				88368114FB2549AB95BE4FC5 /* CanvasWalkthrough.swift in Sources */,
				C2544AF066DC4E6185AEAEEC /* TutorDemoOverlay.swift in Sources */,
				D9A808B48FB248C789A57472 /* OnboardingBackground.swift in Sources */,
				DEB0470796C7434C9A023B13 /* DemoProblemService.swift in Sources */,
				ED3D7199323CA782DA71B5A2 /* AddColorPopup.swift in Sources */,
				CFDAF646BDC14E8F9404FE60 /* BugReportPopup.swift in Sources */,
				E604A66F4CD6A3BCF6F53BC8 /* AddCoursePopup.swift in Sources */,
				E3351CF1B2B16F16FCBAB5C3 /* AnalyticsView.swift in Sources */,
				522AC474D3D71362DDF04CA6 /* AnswerKey.swift in Sources */,
				EC58CCE1237EC4F39BA5A4E8 /* AppRouter.swift in Sources */,
				F979B442814B7471F31DCA1B /* AppleSignInCoordinator.swift in Sources */,
				38D8F1790EA122FFF3657ACE /* AuthRepository.swift in Sources */,
				28A397776DD5B1EF7FE50E20 /* AuthView.swift in Sources */,
				924AD60F9C29C7A8AF240E2E /* AuthViewModel.swift in Sources */,
				1CD940BDAAA73DF5DBAC6BD7 /* CalculatorButton.swift in Sources */,
				8CCABBE6803C7904942D1699 /* CalculatorEngine.swift in Sources */,
				D664AF2F23E294623E3637E3 /* CalculatorHistoryView.swift in Sources */,
				AA05AFDBEDDDAD2386BA427E /* CalculatorView.swift in Sources */,
				938D930E08B51274E37BA7FE /* CalculatorViewModel.swift in Sources */,
				FC2A3704CF2F9C01A9965208 /* CanvasContainerView.swift in Sources */,
				916287CF30C7FC567AF4EFB1 /* CanvasDocumentData.swift in Sources */,
				0DC3FCB745F3E1C347C71AEE /* CanvasDrawingBar.swift in Sources */,
				D2A232A617B5D22378A2ED14 /* CanvasExportService.swift in Sources */,
				D440C1F64F4138D89CE9DD4A /* CanvasInfoStrip.swift in Sources */,
				DE00728ECAC1B16052739324 /* CanvasPageView.swift in Sources */,
				B9285897F3873C770BF858E7 /* CanvasSidebarView.swift in Sources */,
				22657CCF5B44EF6A1C62E8E4 /* CanvasStorageService.swift in Sources */,
				8BAFDDD832027A77304D968D /* CanvasTool.swift in Sources */,
				5AF7C170E44057E00878FD76 /* CanvasToolbarButton.swift in Sources */,
				B6769F658882D3655D4DF665 /* CanvasView.swift in Sources */,
				C1D2E3F4A5B6C7D8E9F0A1B2 /* CanvasLoadingView.swift in Sources */,
				81048E4F637D35FB5264D6AD /* CanvasViewModel.swift in Sources */,
				D4997C4B4B12928F5989D97B /* ComingSoonView.swift in Sources */,
				69A036D6A98AB8DEE63C7869 /* Course.swift in Sources */,
				E2B634109AD03371C1340E96 /* CourseConstants.swift in Sources */,
				EE0C09594C59B498107EE5A9 /* CourseContentView.swift in Sources */,
				49833BF79D795B399EBB53AB /* CourseDTO.swift in Sources */,
				11E74EB9CAA26F3776EE774D /* CourseRepository.swift in Sources */,
				59FE6408C5BFF7FF0255B5FF /* CoursesViewModel.swift in Sources */,
				043B2A8FF6EFC7DAB05AE012 /* DashboardCardModifier.swift in Sources */,
				F5DD1BC1EFC10CD8E368CC81 /* DashboardHeader.swift in Sources */,
				FDD5BDA76B374BE31525ABF1 /* DashboardSidebar.swift in Sources */,
				CDE7FCB4A7A95CA3F7018D5D /* DashboardTab.swift in Sources */,
				0806D6C4FC3112C6AA6B8EFE /* DashboardView.swift in Sources */,
				6C646D8535CDF848CF5584FE /* DashboardViewModel.swift in Sources */,
				D04CF7B3F8B8B36872F18F99 /* DeleteConfirmPopup.swift in Sources */,
				B8CD553E58BC1E97CB314D85 /* DeleteCoursePopup.swift in Sources */,
				587307EEB61A1B44D026F82E /* DetailsPopup.swift in Sources */,
				BDEF8CB0B1BDF475A9B404C0 /* Document.swift in Sources */,
				89AECE16EA6F37FBDBD3B0E3 /* DocumentCardView.swift in Sources */,
				A560DB781FB3A50870D1E4B8 /* DocumentDTO.swift in Sources */,
				76A8988661446D7758B30EFE /* DocumentEmptyStateView.swift in Sources */,
				9194FF7BADA783FB58CC4EC8 /* DocumentRepository.swift in Sources */,
				D2CEE2BCCA50F64C9096468E /* DocumentSkeletonView.swift in Sources */,
				2A40300E9C4B709C9AFC533D /* DocumentThumbnailView.swift in Sources */,
				615F9694912D6F9F38026BBE /* DocumentUploadPopup.swift in Sources */,
				53E8218CC2121793969853CC /* DocumentsContentView.swift in Sources */,
				BA0D8850AA60F67BD31A9008 /* DocumentsViewModel.swift in Sources */,
				E0121FA37C4E016A0BEE7233 /* DottedBackground.swift in Sources */,
				962BA3E0294280C38864F0D0 /* DraggableCard.swift in Sources */,
				824A47A5769DBE95DA84EDA0 /* DrawingManager.swift in Sources */,
				23789E8F1C5423718DCCCB50 /* EditCoursePopup.swift in Sources */,
				114AD1A2B9668044DDDAFD7E /* EraserSettingsPopover.swift in Sources */,
				616DA14DB392B614F530E097 /* ExportPreviewView.swift in Sources */,
				17B5127CBE0FA6E9B9EEF6E3 /* GoogleIcon.swift in Sources */,
				15A4D41DC0FC74C073BB398D /* HandwritingTranscriptionService.swift in Sources */,
				642BAEA75512457AA28EED5F /* TutorEvaluationService.swift in Sources */,
				903339E4247C9C8EBCE24624 /* KaTeXView.swift in Sources */,
				E6DD16240CF1B56A193E21F4 /* MathText.swift in Sources */,
				1CB456FFE88241459BDD2565 /* LaTeXToUnicode.swift in Sources */,
				B26F3491C9BD243B4E65D766 /* MockCanvasData.swift in Sources */,
				5AC35EBDA8FAD1368CDF6500 /* MoveToCoursePopup.swift in Sources */,
				E8EF8F87EAA7D28D7CF363C3 /* PageMenuPopover.swift in Sources */,
				45F363DF571A655205111912 /* PageOverlayView.swift in Sources */,
				8FBC63CDB5CCDF7B75172271 /* PageSettingsPopover.swift in Sources */,
				C1054E0C1419242A566A1EA9 /* PopoverCard.swift in Sources */,
				00D8E6935299726B8B32D780 /* PopupShellModifier.swift in Sources */,
				CE1CEFE6CF36DA785BB586EA /* Profile.swift in Sources */,
				681E95C14DCD1F7E4AB35359 /* ProfileDTO.swift in Sources */,
				1BAD8BD9673755ECB28CD6EC /* ProfileDropdownMenu.swift in Sources */,
				876927BA65FC6E72AB15DA7C /* ProfileRepository.swift in Sources */,
				0A483380FF6AC22B6869D458 /* ProfileUpdate.swift in Sources */,
				D9EB8781EF594AE0B76076D6 /* QuestionRegionTracker.swift in Sources */,
				D59B49AF47DF7C49B0713D9D /* Reef3DSlider.swift in Sources */,
				232480B1789C9A7D63D7328C /* ReefAnimations.swift in Sources */,
				90B58BB88071D49268A953F9 /* ReefApp.swift in Sources */,
				BA13FB6B1A663195074470FE /* ReefBadge.swift in Sources */,
				D03FA7FFE2014624EFF77984 /* ReefButton.swift in Sources */,
				F2568A6213CDA2E61E2CCE92 /* ReefCard.swift in Sources */,
				0D287237BD753E19E0F355B0 /* ReefColors.swift in Sources */,
				6C5700CB44FD42221F3CD012 /* ReefDivider.swift in Sources */,
				787E897ECB403C48F3AEF26B /* ReefLayoutMetrics.swift in Sources */,
				028D2AA91435370D8B584B53 /* ReefTextField.swift in Sources */,
				F318C137C0FE80E01717FD90 /* ReefTheme.swift in Sources */,
				2EFB43E2CA0AB0BE4E1DE990 /* ReefToggle.swift in Sources */,
				3B30B4E60D151D06EA7F80B6 /* ReefTypography.swift in Sources */,
				3AB12E1475C678FB8E72B364 /* RenamePopup.swift in Sources */,
				1851666EDD5700E210B5FE9F /* RulerOverlayView.swift in Sources */,
				4B96F0FF0CCB884CF1F20FC9 /* SettingsAboutTab.swift in Sources */,
				7CCA7D791B4FFFB255020A58 /* SettingsAccountTab.swift in Sources */,
				EC0F257D22B993428D5A5FF3 /* SettingsComponents.swift in Sources */,
				860EF2349412D2588706ADD3 /* SettingsPreferencesTab.swift in Sources */,
				2CC87F65EE2ADFD1469F2D70 /* SettingsPrivacyTab.swift in Sources */,
				BD86A46358438D7E29C4251F /* SettingsProfileTab.swift in Sources */,
				264E02C174CBEA25D4CDAA6F /* SettingsView.swift in Sources */,
				019E86842A2685EB9B40CAAF /* ShapeRecognizer.swift in Sources */,
				7DCCDF72A73BD081FC3620CD /* ShimmerOverlay.swift in Sources */,
				DCF7737C0F05DBF497C4B26C /* SupabaseAnswerKeyRepository.swift in Sources */,
				6C675E5E89D57179BFB187A9 /* SupabaseAuthRepository.swift in Sources */,
				662978BA8DCB0ACB38E3AF1A /* SupabaseConfig.swift in Sources */,
				A2FB1E5EF29C311BD2D405C3 /* SupabaseCourseRepository.swift in Sources */,
				CC5E34E6955F3B11D1F9EAEE /* SupabaseDocumentRepository.swift in Sources */,
				0C4D21737CC83E59DB26C24F /* SupabaseProfileRepository.swift in Sources */,
				B2BDFCF83E6EC8C87F30B67B /* SupabaseUsageStatsRepository.swift in Sources */,
				E14DAD60A5888D8471C9133D /* TierLimits.swift in Sources */,
				1040571EEA06DD01EC7E1776 /* ToolSettingsPopover.swift in Sources */,
				F89AFF1A6BAE7356534BD758 /* TutorHintCard.swift in Sources */,
				D02A375FA6515DB534171C08 /* TutorHintPopover.swift in Sources */,
				C2282EFF92805C99DFB9EB65 /* TutorRevealCard.swift in Sources */,
				5BC086AEA978BDB34E39257A /* UsageStats.swift in Sources */,
				6A2431650F553626C581166E /* UsageStatsRepository.swift in Sources */,
				363D0A041F425FBA2FA20E54 /* UserSettings.swift in Sources */,
				449DDE8B3A75A2C2EA2CC125 /* WifiMonitor.swift in Sources */,
				37FD0BFDC9B74FE5980E4161 /* SpeechRecognitionService.swift in Sources */,
							58FCEF9E57E442868352F487 /* OnboardingModels.swift in Sources */,
				06CC0DA30B464DFE9398A4C3 /* OnboardingViewModel.swift in Sources */,
				768D7E8C855046409B33F28E /* OnboardingFlowView.swift in Sources */,
				97F14D41F225480D8C1358EA /* OnboardingProgressBar.swift in Sources */,
				33857DDBD714465280DE9806 /* OnboardingStepShell.swift in Sources */,
				88261862F4374BCD9749864D /* OnboardingOption.swift in Sources */,
				73DF632D0D0E4312B2B5E1E1 /* OnboardingPill.swift in Sources */,
				FB66821CD81E4877A1602231 /* OnboardingFlowLayout.swift in Sources */,
				CFE863F86BB74AA0A75920DA /* SocialProofBanner.swift in Sources */,
				B2394F1540DF478185F430D3 /* WelcomeStep.swift in Sources */,
				C09F218084484F6B95DEE087 /* StudentTypeStep.swift in Sources */,
				CA85653528FD414FBC2A9CEC /* MajorStep.swift in Sources */,
				5EAB58DCAB5244DE9F7640E5 /* CoursesStep.swift in Sources */,
				C58E28CE87D947548F593F33 /* FavoriteTopicStep.swift in Sources */,
				AB9B2B2AD90A420B93CD6E1C /* StudyGoalStep.swift in Sources */,
				DA1455DD53624FC8B4F051B2 /* GoalValidationStep.swift in Sources */,
				F9B52FAC5690450FABD01AE2 /* PainPointsStep.swift in Sources */,
				50375EACE232480FA9F8FB8C /* LearningStyleStep.swift in Sources */,
				7C1C3C78C0564174BDD53D61 /* DailyGoalStep.swift in Sources */,
				F1B5B15693704944B21E7C76 /* TutorDemoStep.swift in Sources */,
				938BAAC783F744899C8CB423 /* GeneratingPlanStep.swift in Sources */,
				6BD23C2954D4415FA1FED7DD /* PlanPreviewStep.swift in Sources */,
				92E9598A7CF74987B94AE9E1 /* SignUpStep.swift in Sources */,
				F97CEE9B646C4C56850EA1B7 /* PaywallStep.swift in Sources */,
				8F48D2ADC5844F77B4D042CD /* ReferralStep.swift in Sources */,
			);
			runOnlyForDeploymentPostprocessing = 0;
		};
		8D6AE56C164A283763D3D4CE /* Sources */ = {
			isa = PBXSourcesBuildPhase;
			buildActionMask = 2147483647;
			files = (
				5969F8911F96686594A54AB5 /* AuthFlowTests.swift in Sources */,
				D607BA3609664BB25C5BBCC6 /* DashboardNavigationTests.swift in Sources */,
				B810EB60F5595D898E981F20 /* NotificationDropdownTests.swift in Sources */,
				F485DD27CAB43B9B7FB32B36 /* ReefUITestCase.swift in Sources */,
			);
			runOnlyForDeploymentPostprocessing = 0;
		};
/* End PBXSourcesBuildPhase section */

/* Begin PBXTargetDependency section */
		62BA81A72A92A8CA678B3571 /* PBXTargetDependency */ = {
			isa = PBXTargetDependency;
			target = D7F066D58D043CAD0E116B49 /* Reef */;
			targetProxy = C00069AAB404CA35B434447D /* PBXContainerItemProxy */;
		};
/* End PBXTargetDependency section */

/* Begin XCBuildConfiguration section */
		180C600DF9244D6A15808B6C /* Debug */ = {
			isa = XCBuildConfiguration;
			buildSettings = {
				ASSETCATALOG_COMPILER_APPICON_NAME = AppIcon;
				CODE_SIGN_ENTITLEMENTS = Reef/Reef.entitlements;
				CODE_SIGN_IDENTITY = "iPhone Developer";
				CODE_SIGN_STYLE = Automatic;
				DEVELOPMENT_TEAM = SMJLWBZ8X6;
				INFOPLIST_FILE = Info.plist;
				LD_RUNPATH_SEARCH_PATHS = (
					"$(inherited)",
					"@executable_path/Frameworks",
				);
				PRODUCT_BUNDLE_IDENTIFIER = com.studyreef.app;
				SDKROOT = iphoneos;
				TARGETED_DEVICE_FAMILY = 2;
			};
			name = Debug;
		};
		1BD7BEF1E89EDDE56CE4C087 /* Debug */ = {
			isa = XCBuildConfiguration;
			baseConfigurationReference = "TEMP_18215147-9575-4572-9D6F-FF74755DA779" /* Secrets.xcconfig */;
			buildSettings = {
				ALWAYS_SEARCH_USER_PATHS = NO;
				CLANG_ANALYZER_NONNULL = YES;
				CLANG_ANALYZER_NUMBER_OBJECT_CONVERSION = YES_AGGRESSIVE;
				CLANG_CXX_LANGUAGE_STANDARD = "gnu++14";
				CLANG_CXX_LIBRARY = "libc++";
				CLANG_ENABLE_MODULES = YES;
				CLANG_ENABLE_OBJC_ARC = YES;
				CLANG_ENABLE_OBJC_WEAK = YES;
				CLANG_WARN_BLOCK_CAPTURE_AUTORELEASING = YES;
				CLANG_WARN_BOOL_CONVERSION = YES;
				CLANG_WARN_COMMA = YES;
				CLANG_WARN_CONSTANT_CONVERSION = YES;
				CLANG_WARN_DEPRECATED_OBJC_IMPLEMENTATIONS = YES;
				CLANG_WARN_DIRECT_OBJC_ISA_USAGE = YES_ERROR;
				CLANG_WARN_DOCUMENTATION_COMMENTS = YES;
				CLANG_WARN_EMPTY_BODY = YES;
				CLANG_WARN_ENUM_CONVERSION = YES;
				CLANG_WARN_INFINITE_RECURSION = YES;
				CLANG_WARN_INT_CONVERSION = YES;
				CLANG_WARN_NON_LITERAL_NULL_CONVERSION = YES;
				CLANG_WARN_OBJC_IMPLICIT_RETAIN_SELF = YES;
				CLANG_WARN_OBJC_LITERAL_CONVERSION = YES;
				CLANG_WARN_OBJC_ROOT_CLASS = YES_ERROR;
				CLANG_WARN_QUOTED_INCLUDE_IN_FRAMEWORK_HEADER = YES;
				CLANG_WARN_RANGE_LOOP_ANALYSIS = YES;
				CLANG_WARN_STRICT_PROTOTYPES = YES;
				CLANG_WARN_SUSPICIOUS_MOVE = YES;
				CLANG_WARN_UNGUARDED_AVAILABILITY = YES_AGGRESSIVE;
				CLANG_WARN_UNREACHABLE_CODE = YES;
				CLANG_WARN__DUPLICATE_METHOD_MATCH = YES;
				COPY_PHASE_STRIP = NO;
				DEBUG_INFORMATION_FORMAT = dwarf;
				ENABLE_STRICT_OBJC_MSGSEND = YES;
				ENABLE_TESTABILITY = YES;
				GCC_C_LANGUAGE_STANDARD = gnu11;
				GCC_DYNAMIC_NO_PIC = NO;
				GCC_NO_COMMON_BLOCKS = YES;
				GCC_OPTIMIZATION_LEVEL = 0;
				GCC_PREPROCESSOR_DEFINITIONS = (
					"$(inherited)",
					"DEBUG=1",
				);
				GCC_WARN_64_TO_32_BIT_CONVERSION = YES;
				GCC_WARN_ABOUT_RETURN_TYPE = YES_ERROR;
				GCC_WARN_UNDECLARED_SELECTOR = YES;
				GCC_WARN_UNINITIALIZED_AUTOS = YES_AGGRESSIVE;
				GCC_WARN_UNUSED_FUNCTION = YES;
				GCC_WARN_UNUSED_VARIABLE = YES;
				INFOPLIST_FILE = Info.plist;
				IPHONEOS_DEPLOYMENT_TARGET = 18.2;
				MTL_ENABLE_DEBUG_INFO = INCLUDE_SOURCE;
				MTL_FAST_MATH = YES;
				ONLY_ACTIVE_ARCH = YES;
				PRODUCT_NAME = "$(TARGET_NAME)";
				SDKROOT = iphoneos;
				SWIFT_ACTIVE_COMPILATION_CONDITIONS = DEBUG;
				SWIFT_OPTIMIZATION_LEVEL = "-Onone";
				SWIFT_VERSION = 6.0;
				TARGETED_DEVICE_FAMILY = 2;
			};
			name = Debug;
		};
		2F86F9DF4FC6D46CAC4D5011 /* Release */ = {
			isa = XCBuildConfiguration;
			baseConfigurationReference = "TEMP_18215147-9575-4572-9D6F-FF74755DA779" /* Secrets.xcconfig */;
			buildSettings = {
				ALWAYS_SEARCH_USER_PATHS = NO;
				CLANG_ANALYZER_NONNULL = YES;
				CLANG_ANALYZER_NUMBER_OBJECT_CONVERSION = YES_AGGRESSIVE;
				CLANG_CXX_LANGUAGE_STANDARD = "gnu++14";
				CLANG_CXX_LIBRARY = "libc++";
				CLANG_ENABLE_MODULES = YES;
				CLANG_ENABLE_OBJC_ARC = YES;
				CLANG_ENABLE_OBJC_WEAK = YES;
				CLANG_WARN_BLOCK_CAPTURE_AUTORELEASING = YES;
				CLANG_WARN_BOOL_CONVERSION = YES;
				CLANG_WARN_COMMA = YES;
				CLANG_WARN_CONSTANT_CONVERSION = YES;
				CLANG_WARN_DEPRECATED_OBJC_IMPLEMENTATIONS = YES;
				CLANG_WARN_DIRECT_OBJC_ISA_USAGE = YES_ERROR;
				CLANG_WARN_DOCUMENTATION_COMMENTS = YES;
				CLANG_WARN_EMPTY_BODY = YES;
				CLANG_WARN_ENUM_CONVERSION = YES;
				CLANG_WARN_INFINITE_RECURSION = YES;
				CLANG_WARN_INT_CONVERSION = YES;
				CLANG_WARN_NON_LITERAL_NULL_CONVERSION = YES;
				CLANG_WARN_OBJC_IMPLICIT_RETAIN_SELF = YES;
				CLANG_WARN_OBJC_LITERAL_CONVERSION = YES;
				CLANG_WARN_OBJC_ROOT_CLASS = YES_ERROR;
				CLANG_WARN_QUOTED_INCLUDE_IN_FRAMEWORK_HEADER = YES;
				CLANG_WARN_RANGE_LOOP_ANALYSIS = YES;
				CLANG_WARN_STRICT_PROTOTYPES = YES;
				CLANG_WARN_SUSPICIOUS_MOVE = YES;
				CLANG_WARN_UNGUARDED_AVAILABILITY = YES_AGGRESSIVE;
				CLANG_WARN_UNREACHABLE_CODE = YES;
				CLANG_WARN__DUPLICATE_METHOD_MATCH = YES;
				COPY_PHASE_STRIP = NO;
				DEBUG_INFORMATION_FORMAT = "dwarf-with-dsym";
				ENABLE_NS_ASSERTIONS = NO;
				ENABLE_STRICT_OBJC_MSGSEND = YES;
				GCC_C_LANGUAGE_STANDARD = gnu11;
				GCC_NO_COMMON_BLOCKS = YES;
				GCC_WARN_64_TO_32_BIT_CONVERSION = YES;
				GCC_WARN_ABOUT_RETURN_TYPE = YES_ERROR;
				GCC_WARN_UNDECLARED_SELECTOR = YES;
				GCC_WARN_UNINITIALIZED_AUTOS = YES_AGGRESSIVE;
				GCC_WARN_UNUSED_FUNCTION = YES;
				GCC_WARN_UNUSED_VARIABLE = YES;
				INFOPLIST_FILE = Info.plist;
				IPHONEOS_DEPLOYMENT_TARGET = 18.2;
				MTL_ENABLE_DEBUG_INFO = NO;
				MTL_FAST_MATH = YES;
				PRODUCT_NAME = "$(TARGET_NAME)";
				SDKROOT = iphoneos;
				SWIFT_COMPILATION_MODE = wholemodule;
				SWIFT_OPTIMIZATION_LEVEL = "-O";
				SWIFT_VERSION = 6.0;
				TARGETED_DEVICE_FAMILY = 2;
			};
			name = Release;
		};
		377275254DD2C6CE4D49F305 /* Debug */ = {
			isa = XCBuildConfiguration;
			buildSettings = {
				BUNDLE_LOADER = "$(TEST_HOST)";
				CODE_SIGN_STYLE = Automatic;
				DEVELOPMENT_TEAM = SMJLWBZ8X6;
				GENERATE_INFOPLIST_FILE = YES;
				LD_RUNPATH_SEARCH_PATHS = (
					"$(inherited)",
					"@executable_path/Frameworks",
					"@loader_path/Frameworks",
				);
				PRODUCT_BUNDLE_IDENTIFIER = com.studyreef.app.uitests;
				SDKROOT = iphoneos;
				SWIFT_VERSION = 5.0;
				TARGETED_DEVICE_FAMILY = 2;
				TEST_TARGET_NAME = Reef;
			};
			name = Debug;
		};
		96F61E45FADBC445A5F8115B /* Release */ = {
			isa = XCBuildConfiguration;
			buildSettings = {
				ASSETCATALOG_COMPILER_APPICON_NAME = AppIcon;
				CODE_SIGN_ENTITLEMENTS = Reef/Reef.entitlements;
				CODE_SIGN_IDENTITY = "iPhone Developer";
				CODE_SIGN_STYLE = Automatic;
				DEVELOPMENT_TEAM = SMJLWBZ8X6;
				INFOPLIST_FILE = Info.plist;
				LD_RUNPATH_SEARCH_PATHS = (
					"$(inherited)",
					"@executable_path/Frameworks",
				);
				PRODUCT_BUNDLE_IDENTIFIER = com.studyreef.app;
				SDKROOT = iphoneos;
				TARGETED_DEVICE_FAMILY = 2;
			};
			name = Release;
		};
		B349439E37AAC6C075C7E54E /* Release */ = {
			isa = XCBuildConfiguration;
			buildSettings = {
				BUNDLE_LOADER = "$(TEST_HOST)";
				CODE_SIGN_STYLE = Automatic;
				DEVELOPMENT_TEAM = SMJLWBZ8X6;
				GENERATE_INFOPLIST_FILE = YES;
				LD_RUNPATH_SEARCH_PATHS = (
					"$(inherited)",
					"@executable_path/Frameworks",
					"@loader_path/Frameworks",
				);
				PRODUCT_BUNDLE_IDENTIFIER = com.studyreef.app.uitests;
				SDKROOT = iphoneos;
				SWIFT_VERSION = 5.0;
				TARGETED_DEVICE_FAMILY = 2;
				TEST_TARGET_NAME = Reef;
			};
			name = Release;
		};
/* End XCBuildConfiguration section */

/* Begin XCConfigurationList section */
		1D01D14121A81775924CE721 /* Build configuration list for PBXProject "Reef" */ = {
			isa = XCConfigurationList;
			buildConfigurations = (
				1BD7BEF1E89EDDE56CE4C087 /* Debug */,
				2F86F9DF4FC6D46CAC4D5011 /* Release */,
			);
			defaultConfigurationIsVisible = 0;
			defaultConfigurationName = Debug;
		};
		5F6D2A2F7961245FFCA5DBCF /* Build configuration list for PBXNativeTarget "Reef" */ = {
			isa = XCConfigurationList;
			buildConfigurations = (
				180C600DF9244D6A15808B6C /* Debug */,
				96F61E45FADBC445A5F8115B /* Release */,
			);
			defaultConfigurationIsVisible = 0;
			defaultConfigurationName = Debug;
		};
		D9724D4A07AE42B22AAA2C74 /* Build configuration list for PBXNativeTarget "ReefUITests" */ = {
			isa = XCConfigurationList;
			buildConfigurations = (
				377275254DD2C6CE4D49F305 /* Debug */,
				B349439E37AAC6C075C7E54E /* Release */,
			);
			defaultConfigurationIsVisible = 0;
			defaultConfigurationName = Debug;
		};
/* End XCConfigurationList section */

/* Begin XCRemoteSwiftPackageReference section */
		243B9C3E9988E1B00BEF7698 /* XCRemoteSwiftPackageReference "GoogleSignIn-iOS" */ = {
			isa = XCRemoteSwiftPackageReference;
			repositoryURL = "https://github.com/google/GoogleSignIn-iOS";
			requirement = {
				kind = upToNextMajorVersion;
				minimumVersion = 8.0.0;
			};
		};
		7DDE570BD922A527B8FF276B /* XCRemoteSwiftPackageReference "supabase-swift" */ = {
			isa = XCRemoteSwiftPackageReference;
			repositoryURL = "https://github.com/supabase/supabase-swift";
			requirement = {
				kind = upToNextMajorVersion;
				minimumVersion = 2.0.0;
			};
		};
/* End XCRemoteSwiftPackageReference section */

/* Begin XCSwiftPackageProductDependency section */
		8A0AD6F5B9C938C549CBDA7E /* GoogleSignIn */ = {
			isa = XCSwiftPackageProductDependency;
			package = 243B9C3E9988E1B00BEF7698 /* XCRemoteSwiftPackageReference "GoogleSignIn-iOS" */;
			productName = GoogleSignIn;
		};
		ECE996E3DB8403B5ED787530 /* Supabase */ = {
			isa = XCSwiftPackageProductDependency;
			package = 7DDE570BD922A527B8FF276B /* XCRemoteSwiftPackageReference "supabase-swift" */;
			productName = Supabase;
		};
/* End XCSwiftPackageProductDependency section */
	};
	rootObject = B117C27BD747E2170882ECBA /* Project object */;
}
